<?xml version="1.0" encoding="UTF-8"?>
<!DOCTYPE plist PUBLIC "-//Apple//DTD PLIST 1.0//EN" "http://www.apple.com/DTDs/PropertyList-1.0.dtd">
<plist version="1.0">
<dict>
	<key>archiveVersion</key>
	<string>1</string>
	<key>classes</key>
	<dict/>
	<key>objectVersion</key>
	<string>46</string>
	<key>objects</key>
	<dict>
		<key>84463ABD1BC370DF00F24926</key>
		<dict>
			<key>children</key>
			<array>
				<string>9998920A1BF4D40400DCECB0</string>
				<string>84C8DB8E1BC37378001606C1</string>
				<string>84C8DB8B1BC3733E001606C1</string>
				<string>84C8DBA81BC37F72001606C1</string>
				<string>84C8DB611BC37247001606C1</string>
				<string>84463AC71BC370DF00F24926</string>
			</array>
			<key>isa</key>
			<string>PBXGroup</string>
			<key>sourceTree</key>
			<string>&lt;group&gt;</string>
		</dict>
		<key>84463ABE1BC370DF00F24926</key>
		<dict>
			<key>attributes</key>
			<dict>
				<key>LastUpgradeCheck</key>
				<string>0710</string>
				<key>ORGANIZATIONNAME</key>
				<string>cc.openframeworks.tvOS</string>
				<key>TargetAttributes</key>
				<dict>
					<key>84463AC51BC370DF00F24926</key>
					<dict>
						<key>CreatedOnToolsVersion</key>
						<string>7.1</string>
					</dict>
				</dict>
			</dict>
			<key>buildConfigurationList</key>
			<string>84463AC11BC370DF00F24926</string>
			<key>compatibilityVersion</key>
			<string>Xcode 3.2</string>
			<key>developmentRegion</key>
			<string>English</string>
			<key>hasScannedForEncodings</key>
			<string>0</string>
			<key>isa</key>
			<string>PBXProject</string>
			<key>knownRegions</key>
			<array>
				<string>English</string>
				<string>en</string>
				<string>Base</string>
			</array>
			<key>mainGroup</key>
			<string>84463ABD1BC370DF00F24926</string>
			<key>productRefGroup</key>
			<string>84463AC71BC370DF00F24926</string>
			<key>projectDirPath</key>
			<string></string>
			<key>projectReferences</key>
			<array>
				<dict>
					<key>ProductGroup</key>
					<string>84C8DB671BC37247001606C1</string>
					<key>ProjectRef</key>
					<string>84C8DB661BC37247001606C1</string>
				</dict>
			</array>
			<key>projectRoot</key>
			<string></string>
			<key>targets</key>
			<array>
				<string>84463AC51BC370DF00F24926</string>
			</array>
		</dict>
		<key>84463AC11BC370DF00F24926</key>
		<dict>
			<key>buildConfigurations</key>
			<array>
				<string>84463AEE1BC370DF00F24926</string>
				<string>84463AEF1BC370DF00F24926</string>
			</array>
			<key>defaultConfigurationIsVisible</key>
			<string>0</string>
			<key>defaultConfigurationName</key>
			<string>Release</string>
			<key>isa</key>
			<string>XCConfigurationList</string>
		</dict>
		<key>84463AC21BC370DF00F24926</key>
		<dict>
			<key>buildActionMask</key>
			<string>2147483647</string>
			<key>files</key>
			<array>
				<string>84C8DBAD1BC37F72001606C1</string>
				<string>84C8DBAC1BC37F72001606C1</string>
			</array>
			<key>isa</key>
			<string>PBXSourcesBuildPhase</string>
			<key>runOnlyForDeploymentPostprocessing</key>
			<string>0</string>
		</dict>
		<key>84463AC31BC370DF00F24926</key>
		<dict>
			<key>buildActionMask</key>
			<string>2147483647</string>
			<key>files</key>
			<array>
				<string>99752D361BF220CC0026316A</string>
				<string>84C8DB801BC3732E001606C1</string>
				<string>84C8DB811BC3732E001606C1</string>
				<string>84C8DB821BC3732E001606C1</string>
				<string>84C8DB831BC3732E001606C1</string>
				<string>84C8DB841BC3732E001606C1</string>
				<string>84C8DB851BC3732E001606C1</string>
				<string>84C8DB861BC3732E001606C1</string>
				<string>84C8DB871BC3732E001606C1</string>
				<string>84C8DB881BC3732E001606C1</string>
				<string>84C8DB891BC3732E001606C1</string>
				<string>84C8DB8A1BC3732E001606C1</string>
			</array>
			<key>isa</key>
			<string>PBXFrameworksBuildPhase</string>
			<key>runOnlyForDeploymentPostprocessing</key>
			<string>0</string>
		</dict>
		<key>84463AC41BC370DF00F24926</key>
		<dict>
			<key>buildActionMask</key>
			<string>2147483647</string>
			<key>files</key>
			<array>
				<string>9998920C1BF4D40400DCECB0</string>
				<string>84C8DB691BC37247001606C1</string>
				<string>84C8DB741BC3726E001606C1</string>
			</array>
			<key>isa</key>
			<string>PBXResourcesBuildPhase</string>
			<key>runOnlyForDeploymentPostprocessing</key>
			<string>0</string>
		</dict>
		<key>84463AC51BC370DF00F24926</key>
		<dict>
			<key>buildConfigurationList</key>
			<string>84463AF01BC370DF00F24926</string>
			<key>buildPhases</key>
			<array>
				<string>84463AC21BC370DF00F24926</string>
				<string>84463AC31BC370DF00F24926</string>
				<string>84463AC41BC370DF00F24926</string>
				<string>84C8DBA11BC37A16001606C1</string>
			</array>
			<key>buildRules</key>
			<array/>
			<key>dependencies</key>
			<array>
				<string>84C8DBA31BC37A28001606C1</string>
			</array>
			<key>isa</key>
			<string>PBXNativeTarget</string>
			<key>name</key>
			<string>emptyExample</string>
			<key>productName</key>
			<string>emptyExample</string>
			<key>productReference</key>
			<string>84463AC61BC370DF00F24926</string>
			<key>productType</key>
			<string>com.apple.product-type.application</string>
		</dict>
		<key>84463AC61BC370DF00F24926</key>
		<dict>
			<key>explicitFileType</key>
			<string>wrapper.application</string>
			<key>includeInIndex</key>
			<string>0</string>
			<key>isa</key>
			<string>PBXFileReference</string>
			<key>path</key>
			<string>emptyExample.app</string>
			<key>sourceTree</key>
			<string>BUILT_PRODUCTS_DIR</string>
		</dict>
		<key>84463AC71BC370DF00F24926</key>
		<dict>
			<key>children</key>
			<array>
				<string>84463AC61BC370DF00F24926</string>
			</array>
			<key>isa</key>
			<string>PBXGroup</string>
			<key>name</key>
			<string>Products</string>
			<key>sourceTree</key>
			<string>&lt;group&gt;</string>
		</dict>
		<key>84463AEE1BC370DF00F24926</key>
		<dict>
			<key>baseConfigurationReference</key>
			<string>84C8DB721BC3726E001606C1</string>
			<key>buildSettings</key>
			<dict>
				<key>ALWAYS_SEARCH_USER_PATHS</key>
				<string>YES</string>
				<key>CLANG_CXX_LANGUAGE_STANDARD</key>
				<string>c++0x</string>
				<key>CLANG_CXX_LIBRARY</key>
				<string>libc++</string>
				<key>CLANG_ENABLE_MODULES</key>
				<string>YES</string>
				<key>CLANG_ENABLE_OBJC_ARC</key>
				<string>YES</string>
				<key>CLANG_WARN_BOOL_CONVERSION</key>
				<string>YES</string>
				<key>CLANG_WARN_CONSTANT_CONVERSION</key>
				<string>YES</string>
				<key>CLANG_WARN_DIRECT_OBJC_ISA_USAGE</key>
				<string>YES_ERROR</string>
				<key>CLANG_WARN_EMPTY_BODY</key>
				<string>YES</string>
				<key>CLANG_WARN_ENUM_CONVERSION</key>
				<string>YES</string>
				<key>CLANG_WARN_INT_CONVERSION</key>
				<string>YES</string>
				<key>CLANG_WARN_OBJC_ROOT_CLASS</key>
				<string>YES_ERROR</string>
				<key>CLANG_WARN_UNREACHABLE_CODE</key>
				<string>YES</string>
				<key>CLANG_WARN__DUPLICATE_METHOD_MATCH</key>
				<string>YES</string>
				<key>COPY_PHASE_STRIP</key>
				<string>NO</string>
				<key>DEBUG_INFORMATION_FORMAT</key>
				<string>dwarf</string>
				<key>ENABLE_STRICT_OBJC_MSGSEND</key>
				<string>YES</string>
				<key>ENABLE_TESTABILITY</key>
				<string>YES</string>
				<key>GCC_C_LANGUAGE_STANDARD</key>
				<string>gnu99</string>
				<key>GCC_DYNAMIC_NO_PIC</key>
				<string>NO</string>
				<key>GCC_NO_COMMON_BLOCKS</key>
				<string>YES</string>
				<key>GCC_OPTIMIZATION_LEVEL</key>
				<string>0</string>
				<key>GCC_PREPROCESSOR_DEFINITIONS</key>
				<array>
					<string>DEBUG=1</string>
					<string>$(inherited)</string>
				</array>
				<key>GCC_WARN_64_TO_32_BIT_CONVERSION</key>
				<string>YES</string>
				<key>GCC_WARN_ABOUT_RETURN_TYPE</key>
				<string>YES_ERROR</string>
				<key>GCC_WARN_UNDECLARED_SELECTOR</key>
				<string>YES</string>
				<key>GCC_WARN_UNINITIALIZED_AUTOS</key>
				<string>YES_AGGRESSIVE</string>
				<key>GCC_WARN_UNUSED_FUNCTION</key>
				<string>YES</string>
				<key>GCC_WARN_UNUSED_VARIABLE</key>
				<string>YES</string>
				<key>INFOPLIST_FILE</key>
				<string>ofxtvOS-Info.plist</string>
				<key>MTL_ENABLE_DEBUG_INFO</key>
				<string>YES</string>
				<key>ONLY_ACTIVE_ARCH</key>
				<string>YES</string>
				<key>SDKROOT</key>
				<string>appletvos</string>
				<key>TARGETED_DEVICE_FAMILY</key>
				<string>3</string>
				<key>TVOS_DEPLOYMENT_TARGET</key>
				<string>9.0</string>
			</dict>
			<key>isa</key>
			<string>XCBuildConfiguration</string>
			<key>name</key>
			<string>Debug</string>
		</dict>
		<key>84463AEF1BC370DF00F24926</key>
		<dict>
			<key>baseConfigurationReference</key>
			<string>84C8DB721BC3726E001606C1</string>
			<key>buildSettings</key>
			<dict>
				<key>ALWAYS_SEARCH_USER_PATHS</key>
				<string>YES</string>
				<key>CLANG_CXX_LANGUAGE_STANDARD</key>
				<string>c++0x</string>
				<key>CLANG_CXX_LIBRARY</key>
				<string>libc++</string>
				<key>CLANG_ENABLE_MODULES</key>
				<string>YES</string>
				<key>CLANG_ENABLE_OBJC_ARC</key>
				<string>YES</string>
				<key>CLANG_WARN_BOOL_CONVERSION</key>
				<string>YES</string>
				<key>CLANG_WARN_CONSTANT_CONVERSION</key>
				<string>YES</string>
				<key>CLANG_WARN_DIRECT_OBJC_ISA_USAGE</key>
				<string>YES_ERROR</string>
				<key>CLANG_WARN_EMPTY_BODY</key>
				<string>YES</string>
				<key>CLANG_WARN_ENUM_CONVERSION</key>
				<string>YES</string>
				<key>CLANG_WARN_INT_CONVERSION</key>
				<string>YES</string>
				<key>CLANG_WARN_OBJC_ROOT_CLASS</key>
				<string>YES_ERROR</string>
				<key>CLANG_WARN_UNREACHABLE_CODE</key>
				<string>YES</string>
				<key>CLANG_WARN__DUPLICATE_METHOD_MATCH</key>
				<string>YES</string>
				<key>COPY_PHASE_STRIP</key>
				<string>NO</string>
				<key>DEBUG_INFORMATION_FORMAT</key>
				<string>dwarf-with-dsym</string>
				<key>ENABLE_NS_ASSERTIONS</key>
				<string>NO</string>
				<key>ENABLE_STRICT_OBJC_MSGSEND</key>
				<string>YES</string>
				<key>GCC_C_LANGUAGE_STANDARD</key>
				<string>gnu99</string>
				<key>GCC_NO_COMMON_BLOCKS</key>
				<string>YES</string>
				<key>GCC_WARN_64_TO_32_BIT_CONVERSION</key>
				<string>YES</string>
				<key>GCC_WARN_ABOUT_RETURN_TYPE</key>
				<string>YES_ERROR</string>
				<key>GCC_WARN_UNDECLARED_SELECTOR</key>
				<string>YES</string>
				<key>GCC_WARN_UNINITIALIZED_AUTOS</key>
				<string>YES_AGGRESSIVE</string>
				<key>GCC_WARN_UNUSED_FUNCTION</key>
				<string>YES</string>
				<key>GCC_WARN_UNUSED_VARIABLE</key>
				<string>YES</string>
				<key>INFOPLIST_FILE</key>
				<string>ofxtvOS-Info.plist</string>
				<key>MTL_ENABLE_DEBUG_INFO</key>
				<string>NO</string>
				<key>SDKROOT</key>
				<string>appletvos</string>
				<key>TARGETED_DEVICE_FAMILY</key>
				<string>3</string>
				<key>TVOS_DEPLOYMENT_TARGET</key>
				<string>9.0</string>
				<key>VALIDATE_PRODUCT</key>
				<string>YES</string>
			</dict>
			<key>isa</key>
			<string>XCBuildConfiguration</string>
			<key>name</key>
			<string>Release</string>
		</dict>
		<key>84463AF01BC370DF00F24926</key>
		<dict>
			<key>buildConfigurations</key>
			<array>
				<string>84463AF11BC370DF00F24926</string>
				<string>84463AF21BC370DF00F24926</string>
			</array>
			<key>defaultConfigurationIsVisible</key>
			<string>0</string>
			<key>defaultConfigurationName</key>
			<string>Release</string>
			<key>isa</key>
			<string>XCConfigurationList</string>
		</dict>
		<key>84463AF11BC370DF00F24926</key>
		<dict>
			<key>buildSettings</key>
			<dict>
				<key>ASSETCATALOG_COMPILER_APPICON_NAME</key>
				<string>App Icon</string>
				<key>ASSETCATALOG_COMPILER_LAUNCHIMAGE_NAME</key>
				<string>Launch Image</string>
				<key>CLANG_CXX_LANGUAGE_STANDARD</key>
				<string>c++0x</string>
				<key>DEBUG_INFORMATION_FORMAT</key>
				<string>dwarf</string>
				<key>GCC_PREFIX_HEADER</key>
				<string>ofxtvOS_Prefix.pch</string>
				<key>HEADER_SEARCH_PATHS</key>
				<string>$(OF_CORE_HEADERS)</string>
				<key>INFOPLIST_FILE</key>
				<string>ofxtvOS-Info.plist</string>
				<key>LD_RUNPATH_SEARCH_PATHS</key>
				<string>$(inherited) @executable_path/Frameworks</string>
				<key>PRODUCT_BUNDLE_IDENTIFIER</key>
				<string>emptyExample</string>
				<key>PRODUCT_NAME</key>
				<string>$(TARGET_NAME)</string>
			</dict>
			<key>isa</key>
			<string>XCBuildConfiguration</string>
			<key>name</key>
			<string>Debug</string>
		</dict>
		<key>84463AF21BC370DF00F24926</key>
		<dict>
			<key>buildSettings</key>
			<dict>
				<key>ASSETCATALOG_COMPILER_APPICON_NAME</key>
				<string>App Icon</string>
				<key>ASSETCATALOG_COMPILER_LAUNCHIMAGE_NAME</key>
				<string>Launch Image</string>
				<key>CLANG_CXX_LANGUAGE_STANDARD</key>
				<string>c++0x</string>
				<key>DEBUG_INFORMATION_FORMAT</key>
				<string>dwarf</string>
				<key>GCC_PREFIX_HEADER</key>
				<string>ofxtvOS_Prefix.pch</string>
				<key>HEADER_SEARCH_PATHS</key>
				<string>$(OF_CORE_HEADERS)</string>
				<key>INFOPLIST_FILE</key>
				<string>ofxtvOS-Info.plist</string>
				<key>LD_RUNPATH_SEARCH_PATHS</key>
				<string>$(inherited) @executable_path/Frameworks</string>
				<key>PRODUCT_BUNDLE_IDENTIFIER</key>
				<string>emptyExample</string>
				<key>PRODUCT_NAME</key>
				<string>$(TARGET_NAME)</string>
			</dict>
			<key>isa</key>
			<string>XCBuildConfiguration</string>
			<key>name</key>
			<string>Release</string>
		</dict>
		<key>84C8DB611BC37247001606C1</key>
		<dict>
			<key>children</key>
			<array>
				<string>84C8DB721BC3726E001606C1</string>
				<string>84C8DB621BC37247001606C1</string>
				<string>84C8DB661BC37247001606C1</string>
			</array>
			<key>isa</key>
			<string>PBXGroup</string>
			<key>name</key>
			<string>openFrameworks</string>
			<key>path</key>
			<string>../../../libs/openFrameworksCompiled/project/tvOS</string>
			<key>sourceTree</key>
			<string>&lt;group&gt;</string>
		</dict>
		<key>84C8DB621BC37247001606C1</key>
		<dict>
			<key>fileEncoding</key>
			<string>4</string>
			<key>isa</key>
			<string>PBXFileReference</string>
			<key>lastKnownFileType</key>
			<string>text.xcconfig</string>
			<key>path</key>
			<string>CoreOF.xcconfig</string>
			<key>sourceTree</key>
			<string>&lt;group&gt;</string>
		</dict>
		<key>84C8DB661BC37247001606C1</key>
		<dict>
			<key>isa</key>
			<string>PBXFileReference</string>
			<key>lastKnownFileType</key>
			<string>wrapper.pb-project</string>
			<key>path</key>
			<string>tvOS+OFLib.xcodeproj</string>
			<key>sourceTree</key>
			<string>&lt;group&gt;</string>
		</dict>
		<key>84C8DB671BC37247001606C1</key>
		<dict>
			<key>children</key>
			<array>
				<string>84C8DB6F1BC37247001606C1</string>
			</array>
			<key>isa</key>
			<string>PBXGroup</string>
			<key>name</key>
			<string>Products</string>
			<key>sourceTree</key>
			<string>&lt;group&gt;</string>
		</dict>
		<key>84C8DB691BC37247001606C1</key>
		<dict>
			<key>fileRef</key>
			<string>84C8DB621BC37247001606C1</string>
			<key>isa</key>
			<string>PBXBuildFile</string>
		</dict>
		<key>84C8DB6E1BC37247001606C1</key>
		<dict>
			<key>containerPortal</key>
			<string>84C8DB661BC37247001606C1</string>
			<key>isa</key>
			<string>PBXContainerItemProxy</string>
			<key>proxyType</key>
			<string>2</string>
			<key>remoteGlobalIDString</key>
			<string>8446395C1BC343E000F24926</string>
			<key>remoteInfo</key>
			<string>tvOS+OFLib</string>
		</dict>
		<key>84C8DB6F1BC37247001606C1</key>
		<dict>
			<key>fileType</key>
			<string>archive.ar</string>
			<key>isa</key>
			<string>PBXReferenceProxy</string>
			<key>path</key>
			<string>libtvOS+OFLib_Debug.a</string>
			<key>remoteRef</key>
			<string>84C8DB6E1BC37247001606C1</string>
			<key>sourceTree</key>
			<string>BUILT_PRODUCTS_DIR</string>
		</dict>
		<key>84C8DB721BC3726E001606C1</key>
		<dict>
			<key>fileEncoding</key>
			<string>4</string>
			<key>isa</key>
			<string>PBXFileReference</string>
			<key>lastKnownFileType</key>
			<string>text.xcconfig</string>
			<key>path</key>
			<string>Project.xcconfig</string>
			<key>sourceTree</key>
			<string>SOURCE_ROOT</string>
		</dict>
		<key>84C8DB741BC3726E001606C1</key>
		<dict>
			<key>fileRef</key>
			<string>84C8DB721BC3726E001606C1</string>
			<key>isa</key>
			<string>PBXBuildFile</string>
		</dict>
		<key>84C8DB751BC3732E001606C1</key>
		<dict>
			<key>isa</key>
			<string>PBXFileReference</string>
			<key>lastKnownFileType</key>
			<string>wrapper.framework</string>
			<key>name</key>
			<string>Accelerate.framework</string>
			<key>path</key>
			<string>System/Library/Frameworks/Accelerate.framework</string>
			<key>sourceTree</key>
			<string>SDKROOT</string>
		</dict>
		<key>84C8DB761BC3732E001606C1</key>
		<dict>
			<key>isa</key>
			<string>PBXFileReference</string>
			<key>lastKnownFileType</key>
			<string>wrapper.framework</string>
			<key>name</key>
			<string>AudioToolbox.framework</string>
			<key>path</key>
			<string>System/Library/Frameworks/AudioToolbox.framework</string>
			<key>sourceTree</key>
			<string>SDKROOT</string>
		</dict>
		<key>84C8DB771BC3732E001606C1</key>
		<dict>
			<key>isa</key>
			<string>PBXFileReference</string>
			<key>lastKnownFileType</key>
			<string>wrapper.framework</string>
			<key>name</key>
			<string>AVFoundation.framework</string>
			<key>path</key>
			<string>System/Library/Frameworks/AVFoundation.framework</string>
			<key>sourceTree</key>
			<string>SDKROOT</string>
		</dict>
		<key>84C8DB781BC3732E001606C1</key>
		<dict>
			<key>isa</key>
			<string>PBXFileReference</string>
			<key>lastKnownFileType</key>
			<string>wrapper.framework</string>
			<key>name</key>
			<string>CoreGraphics.framework</string>
			<key>path</key>
			<string>System/Library/Frameworks/CoreGraphics.framework</string>
			<key>sourceTree</key>
			<string>SDKROOT</string>
		</dict>
		<key>84C8DB791BC3732E001606C1</key>
		<dict>
			<key>isa</key>
			<string>PBXFileReference</string>
			<key>lastKnownFileType</key>
			<string>wrapper.framework</string>
			<key>name</key>
			<string>CoreLocation.framework</string>
			<key>path</key>
			<string>System/Library/Frameworks/CoreLocation.framework</string>
			<key>sourceTree</key>
			<string>SDKROOT</string>
		</dict>
		<key>84C8DB7A1BC3732E001606C1</key>
		<dict>
			<key>isa</key>
			<string>PBXFileReference</string>
			<key>lastKnownFileType</key>
			<string>wrapper.framework</string>
			<key>name</key>
			<string>CoreMedia.framework</string>
			<key>path</key>
			<string>System/Library/Frameworks/CoreMedia.framework</string>
			<key>sourceTree</key>
			<string>SDKROOT</string>
		</dict>
		<key>84C8DB7B1BC3732E001606C1</key>
		<dict>
			<key>isa</key>
			<string>PBXFileReference</string>
			<key>lastKnownFileType</key>
			<string>wrapper.framework</string>
			<key>name</key>
			<string>CoreVideo.framework</string>
			<key>path</key>
			<string>System/Library/Frameworks/CoreVideo.framework</string>
			<key>sourceTree</key>
			<string>SDKROOT</string>
		</dict>
		<key>84C8DB7C1BC3732E001606C1</key>
		<dict>
			<key>isa</key>
			<string>PBXFileReference</string>
			<key>lastKnownFileType</key>
			<string>wrapper.framework</string>
			<key>name</key>
			<string>Foundation.framework</string>
			<key>path</key>
			<string>System/Library/Frameworks/Foundation.framework</string>
			<key>sourceTree</key>
			<string>SDKROOT</string>
		</dict>
		<key>84C8DB7D1BC3732E001606C1</key>
		<dict>
			<key>isa</key>
			<string>PBXFileReference</string>
			<key>lastKnownFileType</key>
			<string>wrapper.framework</string>
			<key>name</key>
			<string>OpenAL.framework</string>
			<key>path</key>
			<string>System/Library/Frameworks/OpenAL.framework</string>
			<key>sourceTree</key>
			<string>SDKROOT</string>
		</dict>
		<key>84C8DB7E1BC3732E001606C1</key>
		<dict>
			<key>isa</key>
			<string>PBXFileReference</string>
			<key>lastKnownFileType</key>
			<string>wrapper.framework</string>
			<key>name</key>
			<string>OpenGLES.framework</string>
			<key>path</key>
			<string>System/Library/Frameworks/OpenGLES.framework</string>
			<key>sourceTree</key>
			<string>SDKROOT</string>
		</dict>
		<key>84C8DB7F1BC3732E001606C1</key>
		<dict>
			<key>isa</key>
			<string>PBXFileReference</string>
			<key>lastKnownFileType</key>
			<string>wrapper.framework</string>
			<key>name</key>
			<string>UIKit.framework</string>
			<key>path</key>
			<string>System/Library/Frameworks/UIKit.framework</string>
			<key>sourceTree</key>
			<string>SDKROOT</string>
		</dict>
		<key>84C8DB801BC3732E001606C1</key>
		<dict>
			<key>fileRef</key>
			<string>84C8DB751BC3732E001606C1</string>
			<key>isa</key>
			<string>PBXBuildFile</string>
		</dict>
		<key>84C8DB811BC3732E001606C1</key>
		<dict>
			<key>fileRef</key>
			<string>84C8DB761BC3732E001606C1</string>
			<key>isa</key>
			<string>PBXBuildFile</string>
		</dict>
		<key>84C8DB821BC3732E001606C1</key>
		<dict>
			<key>fileRef</key>
			<string>84C8DB771BC3732E001606C1</string>
			<key>isa</key>
			<string>PBXBuildFile</string>
		</dict>
		<key>84C8DB831BC3732E001606C1</key>
		<dict>
			<key>fileRef</key>
			<string>84C8DB781BC3732E001606C1</string>
			<key>isa</key>
			<string>PBXBuildFile</string>
		</dict>
		<key>84C8DB841BC3732E001606C1</key>
		<dict>
			<key>fileRef</key>
			<string>84C8DB791BC3732E001606C1</string>
			<key>isa</key>
			<string>PBXBuildFile</string>
		</dict>
		<key>84C8DB851BC3732E001606C1</key>
		<dict>
			<key>fileRef</key>
			<string>84C8DB7A1BC3732E001606C1</string>
			<key>isa</key>
			<string>PBXBuildFile</string>
		</dict>
		<key>84C8DB861BC3732E001606C1</key>
		<dict>
			<key>fileRef</key>
			<string>84C8DB7B1BC3732E001606C1</string>
			<key>isa</key>
			<string>PBXBuildFile</string>
		</dict>
		<key>84C8DB871BC3732E001606C1</key>
		<dict>
			<key>fileRef</key>
			<string>84C8DB7C1BC3732E001606C1</string>
			<key>isa</key>
			<string>PBXBuildFile</string>
		</dict>
		<key>84C8DB881BC3732E001606C1</key>
		<dict>
			<key>fileRef</key>
			<string>84C8DB7D1BC3732E001606C1</string>
			<key>isa</key>
			<string>PBXBuildFile</string>
		</dict>
		<key>84C8DB891BC3732E001606C1</key>
		<dict>
			<key>fileRef</key>
			<string>84C8DB7E1BC3732E001606C1</string>
			<key>isa</key>
			<string>PBXBuildFile</string>
		</dict>
		<key>84C8DB8A1BC3732E001606C1</key>
		<dict>
			<key>fileRef</key>
			<string>84C8DB7F1BC3732E001606C1</string>
			<key>isa</key>
			<string>PBXBuildFile</string>
		</dict>
		<key>84C8DB8B1BC3733E001606C1</key>
		<dict>
			<key>children</key>
			<array>
				<string>84C8DB8C1BC3735F001606C1</string>
			</array>
			<key>isa</key>
			<string>PBXGroup</string>
			<key>name</key>
			<string>libs</string>
			<key>sourceTree</key>
			<string>&lt;group&gt;</string>
		</dict>
		<key>84C8DB8C1BC3735F001606C1</key>
		<dict>
			<key>children</key>
			<array>
				<string>84C8DB8D1BC37366001606C1</string>
			</array>
			<key>isa</key>
			<string>PBXGroup</string>
			<key>name</key>
			<string>core</string>
			<key>sourceTree</key>
			<string>&lt;group&gt;</string>
		</dict>
		<key>84C8DB8D1BC37366001606C1</key>
		<dict>
			<key>children</key>
			<array>
				<string>99752D351BF220CC0026316A</string>
				<string>84C8DB751BC3732E001606C1</string>
				<string>84C8DB761BC3732E001606C1</string>
				<string>84C8DB771BC3732E001606C1</string>
				<string>84C8DB781BC3732E001606C1</string>
				<string>84C8DB791BC3732E001606C1</string>
				<string>84C8DB7A1BC3732E001606C1</string>
				<string>84C8DB7B1BC3732E001606C1</string>
				<string>84C8DB7C1BC3732E001606C1</string>
				<string>84C8DB7D1BC3732E001606C1</string>
				<string>84C8DB7E1BC3732E001606C1</string>
				<string>84C8DB7F1BC3732E001606C1</string>
			</array>
			<key>isa</key>
			<string>PBXGroup</string>
			<key>name</key>
			<string>core frameworks</string>
			<key>sourceTree</key>
			<string>&lt;group&gt;</string>
		</dict>
		<key>84C8DB8E1BC37378001606C1</key>
		<dict>
			<key>children</key>
			<array/>
			<key>isa</key>
			<string>PBXGroup</string>
			<key>name</key>
			<string>addons</string>
			<key>sourceTree</key>
			<string>&lt;group&gt;</string>
		</dict>
		<key>84C8DBA11BC37A16001606C1</key>
		<dict>
			<key>buildActionMask</key>
			<string>2147483647</string>
			<key>files</key>
			<array/>
			<key>inputPaths</key>
			<array/>
			<key>isa</key>
			<string>PBXShellScriptBuildPhase</string>
			<key>outputPaths</key>
			<array/>
			<key>runOnlyForDeploymentPostprocessing</key>
			<string>0</string>
			<key>shellPath</key>
			<string>/bin/sh</string>
			<key>shellScript</key>
			<string>rsync -avz --exclude='.DS_Store' "${SRCROOT}/bin/data/" "${TARGET_BUILD_DIR}/${UNLOCALIZED_RESOURCES_FOLDER_PATH}"
</string>
		</dict>
		<key>84C8DBA21BC37A28001606C1</key>
		<dict>
			<key>containerPortal</key>
			<string>84C8DB661BC37247001606C1</string>
			<key>isa</key>
			<string>PBXContainerItemProxy</string>
			<key>proxyType</key>
			<string>1</string>
			<key>remoteGlobalIDString</key>
			<string>8446395B1BC343E000F24926</string>
			<key>remoteInfo</key>
			<string>tvOS+OFLib</string>
		</dict>
		<key>84C8DBA31BC37A28001606C1</key>
		<dict>
			<key>isa</key>
			<string>PBXTargetDependency</string>
			<key>name</key>
			<string>tvOS+OFLib</string>
			<key>targetProxy</key>
			<string>84C8DBA21BC37A28001606C1</string>
		</dict>
		<key>84C8DBA81BC37F72001606C1</key>
		<dict>
			<key>children</key>
			<array>
				<string>84C8DBA91BC37F72001606C1</string>
				<string>84C8DBAA1BC37F72001606C1</string>
				<string>84C8DBAB1BC37F72001606C1</string>
			</array>
			<key>isa</key>
			<string>PBXGroup</string>
			<key>path</key>
			<string>src</string>
			<key>sourceTree</key>
			<string>SOURCE_ROOT</string>
		</dict>
		<key>84C8DBA91BC37F72001606C1</key>
		<dict>
			<key>fileEncoding</key>
			<string>4</string>
			<key>isa</key>
			<string>PBXFileReference</string>
			<key>lastKnownFileType</key>
			<string>sourcecode.cpp.objcpp</string>
			<key>path</key>
			<string>main.mm</string>
			<key>sourceTree</key>
			<string>&lt;group&gt;</string>
		</dict>
		<key>84C8DBAA1BC37F72001606C1</key>
		<dict>
			<key>fileEncoding</key>
			<string>4</string>
			<key>isa</key>
			<string>PBXFileReference</string>
			<key>lastKnownFileType</key>
			<string>sourcecode.c.h</string>
			<key>path</key>
			<string>ofApp.h</string>
			<key>sourceTree</key>
			<string>&lt;group&gt;</string>
		</dict>
		<key>84C8DBAB1BC37F72001606C1</key>
		<dict>
			<key>fileEncoding</key>
			<string>4</string>
			<key>isa</key>
			<string>PBXFileReference</string>
			<key>lastKnownFileType</key>
			<string>sourcecode.cpp.objcpp</string>
			<key>path</key>
			<string>ofApp.mm</string>
			<key>sourceTree</key>
			<string>&lt;group&gt;</string>
		</dict>
		<key>84C8DBAC1BC37F72001606C1</key>
		<dict>
			<key>fileRef</key>
			<string>84C8DBA91BC37F72001606C1</string>
			<key>isa</key>
			<string>PBXBuildFile</string>
		</dict>
		<key>84C8DBAD1BC37F72001606C1</key>
		<dict>
			<key>fileRef</key>
			<string>84C8DBAB1BC37F72001606C1</string>
			<key>isa</key>
			<string>PBXBuildFile</string>
		</dict>
		<key>99752D351BF220CC0026316A</key>
		<dict>
			<key>isa</key>
			<string>PBXFileReference</string>
			<key>lastKnownFileType</key>
			<string>wrapper.framework</string>
			<key>name</key>
			<string>GameController.framework</string>
			<key>path</key>
			<string>System/Library/Frameworks/GameController.framework</string>
			<key>sourceTree</key>
			<string>SDKROOT</string>
		</dict>
		<key>99752D361BF220CC0026316A</key>
		<dict>
			<key>fileRef</key>
			<string>99752D351BF220CC0026316A</string>
			<key>isa</key>
			<string>PBXBuildFile</string>
		</dict>
		<key>9998920A1BF4D40400DCECB0</key>
		<dict>
			<key>children</key>
			<array>
				<string>9998920B1BF4D40400DCECB0</string>
			</array>
			<key>isa</key>
			<string>PBXGroup</string>
			<key>path</key>
			<string>mediaAssets</string>
			<key>sourceTree</key>
			<string>&lt;group&gt;</string>
		</dict>
		<key>9998920B1BF4D40400DCECB0</key>
		<dict>
			<key>isa</key>
			<string>PBXFileReference</string>
			<key>lastKnownFileType</key>
			<string>folder.assetcatalog</string>
			<key>path</key>
			<string>Images.xcassets</string>
			<key>sourceTree</key>
			<string>&lt;group&gt;</string>
		</dict>
		<key>9998920C1BF4D40400DCECB0</key>
		<dict>
			<key>fileRef</key>
			<string>9998920B1BF4D40400DCECB0</string>
			<key>isa</key>
			<string>PBXBuildFile</string>
		</dict>
	</dict>
	<key>rootObject</key>
	<string>84463ABE1BC370DF00F24926</string>
</dict>
</plist>
