// !$*UTF8*$!
{
	archiveVersion = 1;
	classes = {
	};
	objectVersion = 46;
	objects = {

/* Begin PBXBuildFile section */
		691108AB1FE53C7B00BDBA78 /* ofBaseApp.cpp in Sources */ = {isa = PBXBuildFile; fileRef = 691108AA1FE53C7B00BDBA78 /* ofBaseApp.cpp */; };
		691108B11FE53CA800BDBA78 /* ofGraphicsBaseTypes.cpp in Sources */ = {isa = PBXBuildFile; fileRef = 691108AE1FE53CA800BDBA78 /* ofGraphicsBaseTypes.cpp */; };
		691108B51FE53CCF00BDBA78 /* ofSoundBaseTypes.cpp in Sources */ = {isa = PBXBuildFile; fileRef = 691108B31FE53CCF00BDBA78 /* ofSoundBaseTypes.cpp */; };
		844639C21BC3443E00F24926 /* ofxAccelerometer.cpp in Sources */ = {isa = PBXBuildFile; fileRef = 844639731BC3443E00F24926 /* ofxAccelerometer.cpp */; };
		844639C31BC3443E00F24926 /* ofAppiOSWindow.mm in Sources */ = {isa = PBXBuildFile; fileRef = 8446397B1BC3443E00F24926 /* ofAppiOSWindow.mm */; };
		844639C41BC3443E00F24926 /* ofxiOSAppDelegate.mm in Sources */ = {isa = PBXBuildFile; fileRef = 8446397F1BC3443E00F24926 /* ofxiOSAppDelegate.mm */; };
		844639C51BC3443E00F24926 /* ofxiOSViewController.mm in Sources */ = {isa = PBXBuildFile; fileRef = 844639811BC3443E00F24926 /* ofxiOSViewController.mm */; };
		844639C61BC3443E00F24926 /* ofxiOSEAGLView.mm in Sources */ = {isa = PBXBuildFile; fileRef = 844639831BC3443E00F24926 /* ofxiOSEAGLView.mm */; };
		844639C71BC3443E00F24926 /* EAGLView.m in Sources */ = {isa = PBXBuildFile; fileRef = 844639861BC3443E00F24926 /* EAGLView.m */; };
		844639C81BC3443E00F24926 /* ES1Renderer.m in Sources */ = {isa = PBXBuildFile; fileRef = 844639891BC3443E00F24926 /* ES1Renderer.m */; };
		844639C91BC3443E00F24926 /* ES2Renderer.m in Sources */ = {isa = PBXBuildFile; fileRef = 8446398B1BC3443E00F24926 /* ES2Renderer.m */; };
		844639CA1BC3443E00F24926 /* AVSoundPlayer.m in Sources */ = {isa = PBXBuildFile; fileRef = 8446398E1BC3443E00F24926 /* AVSoundPlayer.m */; };
		844639CB1BC3443E00F24926 /* ofxiOSSoundPlayer.mm in Sources */ = {isa = PBXBuildFile; fileRef = 844639901BC3443E00F24926 /* ofxiOSSoundPlayer.mm */; };
		844639CC1BC3443E00F24926 /* ofxiOSSoundStream.mm in Sources */ = {isa = PBXBuildFile; fileRef = 844639921BC3443E00F24926 /* ofxiOSSoundStream.mm */; };
		844639CD1BC3443E00F24926 /* ofxiOSSoundStreamDelegate.mm in Sources */ = {isa = PBXBuildFile; fileRef = 844639941BC3443E00F24926 /* ofxiOSSoundStreamDelegate.mm */; };
		844639CE1BC3443E00F24926 /* ofxOpenALSoundPlayer.cpp in Sources */ = {isa = PBXBuildFile; fileRef = 844639951BC3443E00F24926 /* ofxOpenALSoundPlayer.cpp */; };
		844639CF1BC3443E00F24926 /* SoundEngine.cpp in Sources */ = {isa = PBXBuildFile; fileRef = 844639971BC3443E00F24926 /* SoundEngine.cpp */; };
		844639D01BC3443E00F24926 /* SoundInputStream.m in Sources */ = {isa = PBXBuildFile; fileRef = 8446399A1BC3443E00F24926 /* SoundInputStream.m */; };
		844639D11BC3443E00F24926 /* SoundOutputStream.m in Sources */ = {isa = PBXBuildFile; fileRef = 8446399C1BC3443E00F24926 /* SoundOutputStream.m */; };
		844639D21BC3443E00F24926 /* SoundStream.m in Sources */ = {isa = PBXBuildFile; fileRef = 8446399E1BC3443E00F24926 /* SoundStream.m */; };
		844639D31BC3443E00F24926 /* AVFoundationVideoPlayer.m in Sources */ = {isa = PBXBuildFile; fileRef = 844639A11BC3443E00F24926 /* AVFoundationVideoPlayer.m */; };
		844639D41BC3443E00F24926 /* AVFoundationVideoGrabber.mm in Sources */ = {isa = PBXBuildFile; fileRef = 844639A31BC3443E00F24926 /* AVFoundationVideoGrabber.mm */; };
		844639D51BC3443E00F24926 /* ofxiOSVideoPlayer.mm in Sources */ = {isa = PBXBuildFile; fileRef = 844639A51BC3443E00F24926 /* ofxiOSVideoPlayer.mm */; };
		844639D61BC3443E00F24926 /* ofxiOSVideoGrabber.mm in Sources */ = {isa = PBXBuildFile; fileRef = 844639A71BC3443E00F24926 /* ofxiOSVideoGrabber.mm */; };
		844639D71BC3443E00F24926 /* ofxiOSAlerts.mm in Sources */ = {isa = PBXBuildFile; fileRef = 844639AA1BC3443E00F24926 /* ofxiOSAlerts.mm */; };
		844639D81BC3443E00F24926 /* ofxiOSAccelerometer.mm in Sources */ = {isa = PBXBuildFile; fileRef = 844639AC1BC3443E00F24926 /* ofxiOSAccelerometer.mm */; };
		844639D91BC3443E00F24926 /* ofxiOSExtras.mm in Sources */ = {isa = PBXBuildFile; fileRef = 844639AF1BC3443E00F24926 /* ofxiOSExtras.mm */; };
		844639DA1BC3443E00F24926 /* ofxiOSExternalDisplay.mm in Sources */ = {isa = PBXBuildFile; fileRef = 844639B11BC3443E00F24926 /* ofxiOSExternalDisplay.mm */; };
		844639DB1BC3443E00F24926 /* ofxiOSCoreLocation.mm in Sources */ = {isa = PBXBuildFile; fileRef = 844639B31BC3443E00F24926 /* ofxiOSCoreLocation.mm */; };
		844639DC1BC3443E00F24926 /* ofxiOSImagePicker.mm in Sources */ = {isa = PBXBuildFile; fileRef = 844639B51BC3443E00F24926 /* ofxiOSImagePicker.mm */; };
		844639DD1BC3443E00F24926 /* ofxiOSKeyboard.mm in Sources */ = {isa = PBXBuildFile; fileRef = 844639B71BC3443E00F24926 /* ofxiOSKeyboard.mm */; };
		844639DE1BC3443E00F24926 /* ofxiOSMapKit.mm in Sources */ = {isa = PBXBuildFile; fileRef = 844639B91BC3443E00F24926 /* ofxiOSMapKit.mm */; };
		844639DF1BC3443E00F24926 /* ofxiOSMapKitDelegate.mm in Sources */ = {isa = PBXBuildFile; fileRef = 844639BB1BC3443E00F24926 /* ofxiOSMapKitDelegate.mm */; };
		84463AAF1BC3452400F24926 /* AudioToolbox.framework in Frameworks */ = {isa = PBXBuildFile; fileRef = 84463AA51BC3452400F24926 /* AudioToolbox.framework */; };
		84463AB01BC3452400F24926 /* AVFoundation.framework in Frameworks */ = {isa = PBXBuildFile; fileRef = 84463AA61BC3452400F24926 /* AVFoundation.framework */; };
		84463AB11BC3452400F24926 /* CoreAudio.framework in Frameworks */ = {isa = PBXBuildFile; fileRef = 84463AA71BC3452400F24926 /* CoreAudio.framework */; };
		84463AB21BC3452400F24926 /* CoreGraphics.framework in Frameworks */ = {isa = PBXBuildFile; fileRef = 84463AA81BC3452400F24926 /* CoreGraphics.framework */; };
		84463AB31BC3452400F24926 /* CoreMedia.framework in Frameworks */ = {isa = PBXBuildFile; fileRef = 84463AA91BC3452400F24926 /* CoreMedia.framework */; };
		84463AB41BC3452400F24926 /* Foundation.framework in Frameworks */ = {isa = PBXBuildFile; fileRef = 84463AAA1BC3452400F24926 /* Foundation.framework */; };
		84463AB51BC3452400F24926 /* OpenAL.framework in Frameworks */ = {isa = PBXBuildFile; fileRef = 84463AAB1BC3452400F24926 /* OpenAL.framework */; };
		84463AB61BC3452400F24926 /* OpenGLES.framework in Frameworks */ = {isa = PBXBuildFile; fileRef = 84463AAC1BC3452400F24926 /* OpenGLES.framework */; };
		84463AB71BC3452400F24926 /* QuartzCore.framework in Frameworks */ = {isa = PBXBuildFile; fileRef = 84463AAD1BC3452400F24926 /* QuartzCore.framework */; };
		84463AB81BC3452400F24926 /* UIKit.framework in Frameworks */ = {isa = PBXBuildFile; fileRef = 84463AAE1BC3452400F24926 /* UIKit.framework */; };
		901808962053554C004A7774 /* ofxtvOSGLKViewController.mm in Sources */ = {isa = PBXBuildFile; fileRef = 901808942053554C004A7774 /* ofxtvOSGLKViewController.mm */; };
		90180899205355B5004A7774 /* EAGLKView.m in Sources */ = {isa = PBXBuildFile; fileRef = 90180897205355B5004A7774 /* EAGLKView.m */; };
		9018089E20535AA8004A7774 /* ofxiOSGLKViewController.mm in Sources */ = {isa = PBXBuildFile; fileRef = 9018089C20535AA8004A7774 /* ofxiOSGLKViewController.mm */; };
		9018089F20535AA8004A7774 /* ofxiOSGLKView.mm in Sources */ = {isa = PBXBuildFile; fileRef = 9018089D20535AA8004A7774 /* ofxiOSGLKView.mm */; };
		901808A720535D54004A7774 /* GLKit.framework in Frameworks */ = {isa = PBXBuildFile; fileRef = 901808A520535D35004A7774 /* GLKit.framework */; };
		9957D5371BDDB9BA0002D53C /* ofxtvOSAppDelegate.mm in Sources */ = {isa = PBXBuildFile; fileRef = 9957D5351BDDB9BA0002D53C /* ofxtvOSAppDelegate.mm */; };
		9957D53A1BDDBB1E0002D53C /* ofxtvOSViewController.mm in Sources */ = {isa = PBXBuildFile; fileRef = 9957D5381BDDBB1E0002D53C /* ofxtvOSViewController.mm */; };
		9957D8FE1BDDDC9B0002D53C /* of3dPrimitives.cpp in Sources */ = {isa = PBXBuildFile; fileRef = 9957D8721BDDDC9B0002D53C /* of3dPrimitives.cpp */; };
		9957D8FF1BDDDC9B0002D53C /* of3dUtils.cpp in Sources */ = {isa = PBXBuildFile; fileRef = 9957D8741BDDDC9B0002D53C /* of3dUtils.cpp */; };
		9957D9001BDDDC9B0002D53C /* ofCamera.cpp in Sources */ = {isa = PBXBuildFile; fileRef = 9957D8761BDDDC9B0002D53C /* ofCamera.cpp */; };
		9957D9011BDDDC9B0002D53C /* ofEasyCam.cpp in Sources */ = {isa = PBXBuildFile; fileRef = 9957D8781BDDDC9B0002D53C /* ofEasyCam.cpp */; };
		9957D9031BDDDC9B0002D53C /* ofNode.cpp in Sources */ = {isa = PBXBuildFile; fileRef = 9957D87C1BDDDC9B0002D53C /* ofNode.cpp */; };
		9957D9041BDDDC9B0002D53C /* ofAppRunner.cpp in Sources */ = {isa = PBXBuildFile; fileRef = 9957D8801BDDDC9B0002D53C /* ofAppRunner.cpp */; };
		9957D9051BDDDC9B0002D53C /* ofMainLoop.cpp in Sources */ = {isa = PBXBuildFile; fileRef = 9957D8831BDDDC9B0002D53C /* ofMainLoop.cpp */; };
		9957D9061BDDDC9B0002D53C /* ofEvents.cpp in Sources */ = {isa = PBXBuildFile; fileRef = 9957D8891BDDDC9B0002D53C /* ofEvents.cpp */; };
		9957D9071BDDDC9B0002D53C /* ofBufferObject.cpp in Sources */ = {isa = PBXBuildFile; fileRef = 9957D88D1BDDDC9B0002D53C /* ofBufferObject.cpp */; };
		9957D9081BDDDC9B0002D53C /* ofFbo.cpp in Sources */ = {isa = PBXBuildFile; fileRef = 9957D88F1BDDDC9B0002D53C /* ofFbo.cpp */; };
		9957D9091BDDDC9B0002D53C /* ofGLProgrammableRenderer.cpp in Sources */ = {isa = PBXBuildFile; fileRef = 9957D8911BDDDC9B0002D53C /* ofGLProgrammableRenderer.cpp */; };
		9957D90A1BDDDC9B0002D53C /* ofGLRenderer.cpp in Sources */ = {isa = PBXBuildFile; fileRef = 9957D8931BDDDC9B0002D53C /* ofGLRenderer.cpp */; };
		9957D90B1BDDDC9B0002D53C /* ofGLUtils.cpp in Sources */ = {isa = PBXBuildFile; fileRef = 9957D8951BDDDC9B0002D53C /* ofGLUtils.cpp */; };
		9957D90C1BDDDC9B0002D53C /* ofLight.cpp in Sources */ = {isa = PBXBuildFile; fileRef = 9957D8971BDDDC9B0002D53C /* ofLight.cpp */; };
		9957D90D1BDDDC9B0002D53C /* ofMaterial.cpp in Sources */ = {isa = PBXBuildFile; fileRef = 9957D8991BDDDC9B0002D53C /* ofMaterial.cpp */; };
		9957D90E1BDDDC9B0002D53C /* ofShader.cpp in Sources */ = {isa = PBXBuildFile; fileRef = 9957D89B1BDDDC9B0002D53C /* ofShader.cpp */; };
		9957D90F1BDDDC9B0002D53C /* ofTexture.cpp in Sources */ = {isa = PBXBuildFile; fileRef = 9957D89D1BDDDC9B0002D53C /* ofTexture.cpp */; };
		9957D9101BDDDC9B0002D53C /* ofVbo.cpp in Sources */ = {isa = PBXBuildFile; fileRef = 9957D89F1BDDDC9B0002D53C /* ofVbo.cpp */; };
		9957D9111BDDDC9B0002D53C /* ofVboMesh.cpp in Sources */ = {isa = PBXBuildFile; fileRef = 9957D8A11BDDDC9B0002D53C /* ofVboMesh.cpp */; };
		9957D9121BDDDC9B0002D53C /* of3dGraphics.cpp in Sources */ = {isa = PBXBuildFile; fileRef = 9957D8A41BDDDC9B0002D53C /* of3dGraphics.cpp */; };
		9957D9131BDDDC9B0002D53C /* ofBitmapFont.cpp in Sources */ = {isa = PBXBuildFile; fileRef = 9957D8A61BDDDC9B0002D53C /* ofBitmapFont.cpp */; };
		9957D9141BDDDC9B0002D53C /* ofGraphics.cpp in Sources */ = {isa = PBXBuildFile; fileRef = 9957D8A81BDDDC9B0002D53C /* ofGraphics.cpp */; };
		9957D9151BDDDC9B0002D53C /* ofImage.cpp in Sources */ = {isa = PBXBuildFile; fileRef = 9957D8AA1BDDDC9B0002D53C /* ofImage.cpp */; };
		9957D9161BDDDC9B0002D53C /* ofPath.cpp in Sources */ = {isa = PBXBuildFile; fileRef = 9957D8AC1BDDDC9B0002D53C /* ofPath.cpp */; };
		9957D9171BDDDC9B0002D53C /* ofPixels.cpp in Sources */ = {isa = PBXBuildFile; fileRef = 9957D8AE1BDDDC9B0002D53C /* ofPixels.cpp */; };
		9957D9191BDDDC9B0002D53C /* ofRendererCollection.cpp in Sources */ = {isa = PBXBuildFile; fileRef = 9957D8B21BDDDC9B0002D53C /* ofRendererCollection.cpp */; };
		9957D91A1BDDDC9B0002D53C /* ofTessellator.cpp in Sources */ = {isa = PBXBuildFile; fileRef = 9957D8B41BDDDC9B0002D53C /* ofTessellator.cpp */; };
		9957D91B1BDDDC9B0002D53C /* ofTrueTypeFont.cpp in Sources */ = {isa = PBXBuildFile; fileRef = 9957D8B61BDDDC9B0002D53C /* ofTrueTypeFont.cpp */; };
		9957D91C1BDDDC9B0002D53C /* ofMath.cpp in Sources */ = {isa = PBXBuildFile; fileRef = 9957D8B91BDDDC9B0002D53C /* ofMath.cpp */; };
		9957D91D1BDDDC9B0002D53C /* ofMatrix3x3.cpp in Sources */ = {isa = PBXBuildFile; fileRef = 9957D8BB1BDDDC9B0002D53C /* ofMatrix3x3.cpp */; };
		9957D91E1BDDDC9B0002D53C /* ofMatrix4x4.cpp in Sources */ = {isa = PBXBuildFile; fileRef = 9957D8BD1BDDDC9B0002D53C /* ofMatrix4x4.cpp */; };
		9957D91F1BDDDC9B0002D53C /* ofQuaternion.cpp in Sources */ = {isa = PBXBuildFile; fileRef = 9957D8BF1BDDDC9B0002D53C /* ofQuaternion.cpp */; };
		9957D9201BDDDC9B0002D53C /* ofVec2f.cpp in Sources */ = {isa = PBXBuildFile; fileRef = 9957D8C11BDDDC9B0002D53C /* ofVec2f.cpp */; };
		9957D9211BDDDC9B0002D53C /* ofVec4f.cpp in Sources */ = {isa = PBXBuildFile; fileRef = 9957D8C41BDDDC9B0002D53C /* ofVec4f.cpp */; };
		9957D9231BDDDC9B0002D53C /* ofSoundBuffer.cpp in Sources */ = {isa = PBXBuildFile; fileRef = 9957D8CB1BDDDC9B0002D53C /* ofSoundBuffer.cpp */; };
		9957D9241BDDDC9B0002D53C /* ofSoundPlayer.cpp in Sources */ = {isa = PBXBuildFile; fileRef = 9957D8CD1BDDDC9B0002D53C /* ofSoundPlayer.cpp */; };
		9957D9251BDDDC9B0002D53C /* ofSoundStream.cpp in Sources */ = {isa = PBXBuildFile; fileRef = 9957D8CF1BDDDC9B0002D53C /* ofSoundStream.cpp */; };
		9957D9261BDDDC9B0002D53C /* ofBaseTypes.cpp in Sources */ = {isa = PBXBuildFile; fileRef = 9957D8D31BDDDC9B0002D53C /* ofBaseTypes.cpp */; };
		9957D9271BDDDC9B0002D53C /* ofColor.cpp in Sources */ = {isa = PBXBuildFile; fileRef = 9957D8D51BDDDC9B0002D53C /* ofColor.cpp */; };
		9957D9281BDDDC9B0002D53C /* ofParameter.cpp in Sources */ = {isa = PBXBuildFile; fileRef = 9957D8D71BDDDC9B0002D53C /* ofParameter.cpp */; };
		9957D9291BDDDC9B0002D53C /* ofParameterGroup.cpp in Sources */ = {isa = PBXBuildFile; fileRef = 9957D8D91BDDDC9B0002D53C /* ofParameterGroup.cpp */; };
		9957D92A1BDDDC9B0002D53C /* ofRectangle.cpp in Sources */ = {isa = PBXBuildFile; fileRef = 9957D8DC1BDDDC9B0002D53C /* ofRectangle.cpp */; };
		9957D92B1BDDDC9B0002D53C /* ofFileUtils.cpp in Sources */ = {isa = PBXBuildFile; fileRef = 9957D8E11BDDDC9B0002D53C /* ofFileUtils.cpp */; };
		9957D92C1BDDDC9B0002D53C /* ofFpsCounter.cpp in Sources */ = {isa = PBXBuildFile; fileRef = 9957D8E31BDDDC9B0002D53C /* ofFpsCounter.cpp */; };
		9957D92D1BDDDC9B0002D53C /* ofLog.cpp in Sources */ = {isa = PBXBuildFile; fileRef = 9957D8E51BDDDC9B0002D53C /* ofLog.cpp */; };
		9957D92E1BDDDC9B0002D53C /* ofMatrixStack.cpp in Sources */ = {isa = PBXBuildFile; fileRef = 9957D8E71BDDDC9B0002D53C /* ofMatrixStack.cpp */; };
		9957D92F1BDDDC9B0002D53C /* ofSystemUtils.cpp in Sources */ = {isa = PBXBuildFile; fileRef = 9957D8EA1BDDDC9B0002D53C /* ofSystemUtils.cpp */; };
		9957D9301BDDDC9B0002D53C /* ofThread.cpp in Sources */ = {isa = PBXBuildFile; fileRef = 9957D8EC1BDDDC9B0002D53C /* ofThread.cpp */; };
		9957D9311BDDDC9B0002D53C /* ofTimer.cpp in Sources */ = {isa = PBXBuildFile; fileRef = 9957D8EF1BDDDC9B0002D53C /* ofTimer.cpp */; };
		9957D9321BDDDC9B0002D53C /* ofURLFileLoader.cpp in Sources */ = {isa = PBXBuildFile; fileRef = 9957D8F11BDDDC9B0002D53C /* ofURLFileLoader.cpp */; };
		9957D9331BDDDC9B0002D53C /* ofUtils.cpp in Sources */ = {isa = PBXBuildFile; fileRef = 9957D8F31BDDDC9B0002D53C /* ofUtils.cpp */; };
		9957D9341BDDDC9B0002D53C /* ofXml.cpp in Sources */ = {isa = PBXBuildFile; fileRef = 9957D8F51BDDDC9B0002D53C /* ofXml.cpp */; };
		9957D9351BDDDC9B0002D53C /* ofVideoGrabber.cpp in Sources */ = {isa = PBXBuildFile; fileRef = 9957D8F81BDDDC9B0002D53C /* ofVideoGrabber.cpp */; };
		9957D9361BDDDC9B0002D53C /* ofVideoPlayer.cpp in Sources */ = {isa = PBXBuildFile; fileRef = 9957D8FA1BDDDC9B0002D53C /* ofVideoPlayer.cpp */; };
		99752D301BF20A4C0026316A /* GameController.framework in Frameworks */ = {isa = PBXBuildFile; fileRef = 99752D2F1BF20A4C0026316A /* GameController.framework */; };
/* End PBXBuildFile section */

/* Begin PBXCopyFilesBuildPhase section */
		8446395A1BC343E000F24926 /* CopyFiles */ = {
			isa = PBXCopyFilesBuildPhase;
			buildActionMask = 2147483647;
			dstPath = "include/$(PRODUCT_NAME)";
			dstSubfolderSpec = 16;
			files = (
			);
			runOnlyForDeploymentPostprocessing = 0;
		};
/* End PBXCopyFilesBuildPhase section */

/* Begin PBXFileReference section */
		691108A91FE53C7000BDBA78 /* ofMesh.inl */ = {isa = PBXFileReference; fileEncoding = 4; lastKnownFileType = text; path = ofMesh.inl; sourceTree = "<group>"; };
		691108AA1FE53C7B00BDBA78 /* ofBaseApp.cpp */ = {isa = PBXFileReference; fileEncoding = 4; lastKnownFileType = sourcecode.cpp.cpp; path = ofBaseApp.cpp; sourceTree = "<group>"; };
		691108AC1FE53C8A00BDBA78 /* ofGLBaseTypes.h */ = {isa = PBXFileReference; fileEncoding = 4; lastKnownFileType = sourcecode.c.h; path = ofGLBaseTypes.h; sourceTree = "<group>"; };
		691108AD1FE53C9E00BDBA78 /* ofPolyline.inl */ = {isa = PBXFileReference; fileEncoding = 4; lastKnownFileType = text; path = ofPolyline.inl; sourceTree = "<group>"; };
		691108AE1FE53CA800BDBA78 /* ofGraphicsBaseTypes.cpp */ = {isa = PBXFileReference; fileEncoding = 4; lastKnownFileType = sourcecode.cpp.cpp; path = ofGraphicsBaseTypes.cpp; sourceTree = "<group>"; };
		691108AF1FE53CA800BDBA78 /* ofGraphicsBaseTypes.h */ = {isa = PBXFileReference; fileEncoding = 4; lastKnownFileType = sourcecode.c.h; path = ofGraphicsBaseTypes.h; sourceTree = "<group>"; };
		691108B01FE53CA800BDBA78 /* ofGraphicsConstants.h */ = {isa = PBXFileReference; fileEncoding = 4; lastKnownFileType = sourcecode.c.h; path = ofGraphicsConstants.h; sourceTree = "<group>"; };
		691108B21FE53CB400BDBA78 /* ofMathConstants.h */ = {isa = PBXFileReference; fileEncoding = 4; lastKnownFileType = sourcecode.c.h; path = ofMathConstants.h; sourceTree = "<group>"; };
		691108B31FE53CCF00BDBA78 /* ofSoundBaseTypes.cpp */ = {isa = PBXFileReference; fileEncoding = 4; lastKnownFileType = sourcecode.cpp.cpp; path = ofSoundBaseTypes.cpp; sourceTree = "<group>"; };
		691108B41FE53CCF00BDBA78 /* ofSoundBaseTypes.h */ = {isa = PBXFileReference; fileEncoding = 4; lastKnownFileType = sourcecode.c.h; path = ofSoundBaseTypes.h; sourceTree = "<group>"; };
		691108B61FE53CEB00BDBA78 /* ofVideoBaseTypes.h */ = {isa = PBXFileReference; fileEncoding = 4; lastKnownFileType = sourcecode.c.h; path = ofVideoBaseTypes.h; sourceTree = "<group>"; };
		8446395C1BC343E000F24926 /* libtvOS+OFLib_Debug.a */ = {isa = PBXFileReference; explicitFileType = archive.ar; includeInIndex = 0; path = "libtvOS+OFLib_Debug.a"; sourceTree = BUILT_PRODUCTS_DIR; };
		844639681BC3442400F24926 /* CoreOF.xcconfig */ = {isa = PBXFileReference; fileEncoding = 4; lastKnownFileType = text.xcconfig; path = CoreOF.xcconfig; sourceTree = "<group>"; };
		844639691BC3442400F24926 /* Debug.xcconfig */ = {isa = PBXFileReference; fileEncoding = 4; lastKnownFileType = text.xcconfig; path = Debug.xcconfig; sourceTree = "<group>"; };
		8446396A1BC3442400F24926 /* Release.xcconfig */ = {isa = PBXFileReference; fileEncoding = 4; lastKnownFileType = text.xcconfig; path = Release.xcconfig; sourceTree = "<group>"; };
		8446396B1BC3442400F24926 /* Shared.xcconfig */ = {isa = PBXFileReference; fileEncoding = 4; lastKnownFileType = text.xcconfig; path = Shared.xcconfig; sourceTree = "<group>"; };
		844639711BC3443E00F24926 /* changelog.txt */ = {isa = PBXFileReference; fileEncoding = 4; lastKnownFileType = text; path = changelog.txt; sourceTree = "<group>"; };
		844639721BC3443E00F24926 /* LICENSE.txt */ = {isa = PBXFileReference; fileEncoding = 4; lastKnownFileType = text; path = LICENSE.txt; sourceTree = "<group>"; };
		844639731BC3443E00F24926 /* ofxAccelerometer.cpp */ = {isa = PBXFileReference; fileEncoding = 4; lastKnownFileType = sourcecode.cpp.cpp; path = ofxAccelerometer.cpp; sourceTree = "<group>"; };
		844639741BC3443E00F24926 /* ofxAccelerometer.h */ = {isa = PBXFileReference; fileEncoding = 4; lastKnownFileType = sourcecode.c.h; path = ofxAccelerometer.h; sourceTree = "<group>"; };
		844639771BC3443E00F24926 /* ofxiOS.h */ = {isa = PBXFileReference; explicitFileType = sourcecode.cpp.objcpp; fileEncoding = 4; path = ofxiOS.h; sourceTree = "<group>"; };
		844639781BC3443E00F24926 /* ofxiOSConstants.h */ = {isa = PBXFileReference; fileEncoding = 4; lastKnownFileType = sourcecode.c.h; path = ofxiOSConstants.h; sourceTree = "<group>"; };
		844639791BC3443E00F24926 /* ofxiOSExtensions.h */ = {isa = PBXFileReference; fileEncoding = 4; lastKnownFileType = sourcecode.c.h; path = ofxiOSExtensions.h; sourceTree = "<group>"; };
		8446397A1BC3443E00F24926 /* ofAppiOSWindow.h */ = {isa = PBXFileReference; explicitFileType = sourcecode.cpp.objcpp; fileEncoding = 4; path = ofAppiOSWindow.h; sourceTree = "<group>"; };
		8446397B1BC3443E00F24926 /* ofAppiOSWindow.mm */ = {isa = PBXFileReference; fileEncoding = 4; lastKnownFileType = sourcecode.cpp.objcpp; path = ofAppiOSWindow.mm; sourceTree = "<group>"; };
		8446397C1BC3443E00F24926 /* ofxiOSApp.h */ = {isa = PBXFileReference; fileEncoding = 4; lastKnownFileType = sourcecode.c.h; path = ofxiOSApp.h; sourceTree = "<group>"; };
		8446397E1BC3443E00F24926 /* ofxiOSAppDelegate.h */ = {isa = PBXFileReference; fileEncoding = 4; lastKnownFileType = sourcecode.c.h; path = ofxiOSAppDelegate.h; sourceTree = "<group>"; };
		8446397F1BC3443E00F24926 /* ofxiOSAppDelegate.mm */ = {isa = PBXFileReference; fileEncoding = 4; lastKnownFileType = sourcecode.cpp.objcpp; path = ofxiOSAppDelegate.mm; sourceTree = "<group>"; };
		844639801BC3443E00F24926 /* ofxiOSViewController.h */ = {isa = PBXFileReference; fileEncoding = 4; lastKnownFileType = sourcecode.c.h; path = ofxiOSViewController.h; sourceTree = "<group>"; };
		844639811BC3443E00F24926 /* ofxiOSViewController.mm */ = {isa = PBXFileReference; fileEncoding = 4; lastKnownFileType = sourcecode.cpp.objcpp; path = ofxiOSViewController.mm; sourceTree = "<group>"; };
		844639821BC3443E00F24926 /* ofxiOSEAGLView.h */ = {isa = PBXFileReference; fileEncoding = 4; lastKnownFileType = sourcecode.c.h; path = ofxiOSEAGLView.h; sourceTree = "<group>"; };
		844639831BC3443E00F24926 /* ofxiOSEAGLView.mm */ = {isa = PBXFileReference; fileEncoding = 4; lastKnownFileType = sourcecode.cpp.objcpp; path = ofxiOSEAGLView.mm; sourceTree = "<group>"; };
		844639851BC3443E00F24926 /* EAGLView.h */ = {isa = PBXFileReference; fileEncoding = 4; lastKnownFileType = sourcecode.c.h; path = EAGLView.h; sourceTree = "<group>"; };
		844639861BC3443E00F24926 /* EAGLView.m */ = {isa = PBXFileReference; fileEncoding = 4; lastKnownFileType = sourcecode.c.objc; path = EAGLView.m; sourceTree = "<group>"; };
		844639871BC3443E00F24926 /* ESRenderer.h */ = {isa = PBXFileReference; fileEncoding = 4; lastKnownFileType = sourcecode.c.h; path = ESRenderer.h; sourceTree = "<group>"; };
		844639881BC3443E00F24926 /* ES1Renderer.h */ = {isa = PBXFileReference; fileEncoding = 4; lastKnownFileType = sourcecode.c.h; path = ES1Renderer.h; sourceTree = "<group>"; };
		844639891BC3443E00F24926 /* ES1Renderer.m */ = {isa = PBXFileReference; fileEncoding = 4; lastKnownFileType = sourcecode.c.objc; path = ES1Renderer.m; sourceTree = "<group>"; };
		8446398A1BC3443E00F24926 /* ES2Renderer.h */ = {isa = PBXFileReference; fileEncoding = 4; lastKnownFileType = sourcecode.c.h; path = ES2Renderer.h; sourceTree = "<group>"; };
		8446398B1BC3443E00F24926 /* ES2Renderer.m */ = {isa = PBXFileReference; fileEncoding = 4; lastKnownFileType = sourcecode.c.objc; path = ES2Renderer.m; sourceTree = "<group>"; };
		8446398D1BC3443E00F24926 /* AVSoundPlayer.h */ = {isa = PBXFileReference; fileEncoding = 4; lastKnownFileType = sourcecode.c.h; path = AVSoundPlayer.h; sourceTree = "<group>"; };
		8446398E1BC3443E00F24926 /* AVSoundPlayer.m */ = {isa = PBXFileReference; fileEncoding = 4; lastKnownFileType = sourcecode.c.objc; path = AVSoundPlayer.m; sourceTree = "<group>"; };
		8446398F1BC3443E00F24926 /* ofxiOSSoundPlayer.h */ = {isa = PBXFileReference; fileEncoding = 4; lastKnownFileType = sourcecode.c.h; path = ofxiOSSoundPlayer.h; sourceTree = "<group>"; };
		844639901BC3443E00F24926 /* ofxiOSSoundPlayer.mm */ = {isa = PBXFileReference; fileEncoding = 4; lastKnownFileType = sourcecode.cpp.objcpp; path = ofxiOSSoundPlayer.mm; sourceTree = "<group>"; };
		844639911BC3443E00F24926 /* ofxiOSSoundStream.h */ = {isa = PBXFileReference; fileEncoding = 4; lastKnownFileType = sourcecode.c.h; path = ofxiOSSoundStream.h; sourceTree = "<group>"; };
		844639921BC3443E00F24926 /* ofxiOSSoundStream.mm */ = {isa = PBXFileReference; fileEncoding = 4; lastKnownFileType = sourcecode.cpp.objcpp; path = ofxiOSSoundStream.mm; sourceTree = "<group>"; };
		844639931BC3443E00F24926 /* ofxiOSSoundStreamDelegate.h */ = {isa = PBXFileReference; fileEncoding = 4; lastKnownFileType = sourcecode.c.h; path = ofxiOSSoundStreamDelegate.h; sourceTree = "<group>"; };
		844639941BC3443E00F24926 /* ofxiOSSoundStreamDelegate.mm */ = {isa = PBXFileReference; fileEncoding = 4; lastKnownFileType = sourcecode.cpp.objcpp; path = ofxiOSSoundStreamDelegate.mm; sourceTree = "<group>"; };
		844639951BC3443E00F24926 /* ofxOpenALSoundPlayer.cpp */ = {isa = PBXFileReference; fileEncoding = 4; lastKnownFileType = sourcecode.cpp.cpp; path = ofxOpenALSoundPlayer.cpp; sourceTree = "<group>"; };
		844639961BC3443E00F24926 /* ofxOpenALSoundPlayer.h */ = {isa = PBXFileReference; fileEncoding = 4; lastKnownFileType = sourcecode.c.h; path = ofxOpenALSoundPlayer.h; sourceTree = "<group>"; };
		844639971BC3443E00F24926 /* SoundEngine.cpp */ = {isa = PBXFileReference; fileEncoding = 4; lastKnownFileType = sourcecode.cpp.cpp; path = SoundEngine.cpp; sourceTree = "<group>"; };
		844639981BC3443E00F24926 /* SoundEngine.h */ = {isa = PBXFileReference; fileEncoding = 4; lastKnownFileType = sourcecode.c.h; path = SoundEngine.h; sourceTree = "<group>"; };
		844639991BC3443E00F24926 /* SoundInputStream.h */ = {isa = PBXFileReference; fileEncoding = 4; lastKnownFileType = sourcecode.c.h; path = SoundInputStream.h; sourceTree = "<group>"; };
		8446399A1BC3443E00F24926 /* SoundInputStream.m */ = {isa = PBXFileReference; fileEncoding = 4; lastKnownFileType = sourcecode.c.objc; path = SoundInputStream.m; sourceTree = "<group>"; };
		8446399B1BC3443E00F24926 /* SoundOutputStream.h */ = {isa = PBXFileReference; fileEncoding = 4; lastKnownFileType = sourcecode.c.h; path = SoundOutputStream.h; sourceTree = "<group>"; };
		8446399C1BC3443E00F24926 /* SoundOutputStream.m */ = {isa = PBXFileReference; fileEncoding = 4; lastKnownFileType = sourcecode.c.objc; path = SoundOutputStream.m; sourceTree = "<group>"; };
		8446399D1BC3443E00F24926 /* SoundStream.h */ = {isa = PBXFileReference; fileEncoding = 4; lastKnownFileType = sourcecode.c.h; path = SoundStream.h; sourceTree = "<group>"; };
		8446399E1BC3443E00F24926 /* SoundStream.m */ = {isa = PBXFileReference; fileEncoding = 4; lastKnownFileType = sourcecode.c.objc; path = SoundStream.m; sourceTree = "<group>"; };
		844639A01BC3443E00F24926 /* AVFoundationVideoPlayer.h */ = {isa = PBXFileReference; fileEncoding = 4; lastKnownFileType = sourcecode.c.h; path = AVFoundationVideoPlayer.h; sourceTree = "<group>"; };
		844639A11BC3443E00F24926 /* AVFoundationVideoPlayer.m */ = {isa = PBXFileReference; fileEncoding = 4; lastKnownFileType = sourcecode.c.objc; path = AVFoundationVideoPlayer.m; sourceTree = "<group>"; };
		844639A21BC3443E00F24926 /* AVFoundationVideoGrabber.h */ = {isa = PBXFileReference; fileEncoding = 4; lastKnownFileType = sourcecode.c.h; path = AVFoundationVideoGrabber.h; sourceTree = "<group>"; };
		844639A31BC3443E00F24926 /* AVFoundationVideoGrabber.mm */ = {isa = PBXFileReference; fileEncoding = 4; lastKnownFileType = sourcecode.cpp.objcpp; path = AVFoundationVideoGrabber.mm; sourceTree = "<group>"; };
		844639A41BC3443E00F24926 /* ofxiOSVideoPlayer.h */ = {isa = PBXFileReference; fileEncoding = 4; lastKnownFileType = sourcecode.c.h; path = ofxiOSVideoPlayer.h; sourceTree = "<group>"; };
		844639A51BC3443E00F24926 /* ofxiOSVideoPlayer.mm */ = {isa = PBXFileReference; fileEncoding = 4; lastKnownFileType = sourcecode.cpp.objcpp; path = ofxiOSVideoPlayer.mm; sourceTree = "<group>"; };
		844639A61BC3443E00F24926 /* ofxiOSVideoGrabber.h */ = {isa = PBXFileReference; fileEncoding = 4; lastKnownFileType = sourcecode.c.h; path = ofxiOSVideoGrabber.h; sourceTree = "<group>"; };
		844639A71BC3443E00F24926 /* ofxiOSVideoGrabber.mm */ = {isa = PBXFileReference; fileEncoding = 4; lastKnownFileType = sourcecode.cpp.objcpp; path = ofxiOSVideoGrabber.mm; sourceTree = "<group>"; };
		844639A91BC3443E00F24926 /* ofxiOSAlerts.h */ = {isa = PBXFileReference; fileEncoding = 4; lastKnownFileType = sourcecode.c.h; path = ofxiOSAlerts.h; sourceTree = "<group>"; };
		844639AA1BC3443E00F24926 /* ofxiOSAlerts.mm */ = {isa = PBXFileReference; fileEncoding = 4; lastKnownFileType = sourcecode.cpp.objcpp; path = ofxiOSAlerts.mm; sourceTree = "<group>"; };
		844639AB1BC3443E00F24926 /* ofxiOSAlertsListener.h */ = {isa = PBXFileReference; fileEncoding = 4; lastKnownFileType = sourcecode.c.h; path = ofxiOSAlertsListener.h; sourceTree = "<group>"; };
		844639AC1BC3443E00F24926 /* ofxiOSAccelerometer.mm */ = {isa = PBXFileReference; fileEncoding = 4; lastKnownFileType = sourcecode.cpp.objcpp; path = ofxiOSAccelerometer.mm; sourceTree = "<group>"; };
		844639AE1BC3443E00F24926 /* ofxiOSExtras.h */ = {isa = PBXFileReference; explicitFileType = sourcecode.cpp.objcpp; fileEncoding = 4; path = ofxiOSExtras.h; sourceTree = "<group>"; };
		844639AF1BC3443E00F24926 /* ofxiOSExtras.mm */ = {isa = PBXFileReference; fileEncoding = 4; lastKnownFileType = sourcecode.cpp.objcpp; path = ofxiOSExtras.mm; sourceTree = "<group>"; };
		844639B01BC3443E00F24926 /* ofxiOSExternalDisplay.h */ = {isa = PBXFileReference; fileEncoding = 4; lastKnownFileType = sourcecode.c.h; path = ofxiOSExternalDisplay.h; sourceTree = "<group>"; };
		844639B11BC3443E00F24926 /* ofxiOSExternalDisplay.mm */ = {isa = PBXFileReference; fileEncoding = 4; lastKnownFileType = sourcecode.cpp.objcpp; path = ofxiOSExternalDisplay.mm; sourceTree = "<group>"; };
		844639B21BC3443E00F24926 /* ofxiOSCoreLocation.h */ = {isa = PBXFileReference; fileEncoding = 4; lastKnownFileType = sourcecode.c.h; path = ofxiOSCoreLocation.h; sourceTree = "<group>"; };
		844639B31BC3443E00F24926 /* ofxiOSCoreLocation.mm */ = {isa = PBXFileReference; fileEncoding = 4; lastKnownFileType = sourcecode.cpp.objcpp; path = ofxiOSCoreLocation.mm; sourceTree = "<group>"; };
		844639B41BC3443E00F24926 /* ofxiOSImagePicker.h */ = {isa = PBXFileReference; fileEncoding = 4; lastKnownFileType = sourcecode.c.h; path = ofxiOSImagePicker.h; sourceTree = "<group>"; };
		844639B51BC3443E00F24926 /* ofxiOSImagePicker.mm */ = {isa = PBXFileReference; fileEncoding = 4; lastKnownFileType = sourcecode.cpp.objcpp; path = ofxiOSImagePicker.mm; sourceTree = "<group>"; };
		844639B61BC3443E00F24926 /* ofxiOSKeyboard.h */ = {isa = PBXFileReference; fileEncoding = 4; lastKnownFileType = sourcecode.c.h; path = ofxiOSKeyboard.h; sourceTree = "<group>"; };
		844639B71BC3443E00F24926 /* ofxiOSKeyboard.mm */ = {isa = PBXFileReference; fileEncoding = 4; lastKnownFileType = sourcecode.cpp.objcpp; path = ofxiOSKeyboard.mm; sourceTree = "<group>"; };
		844639B81BC3443E00F24926 /* ofxiOSMapKit.h */ = {isa = PBXFileReference; fileEncoding = 4; lastKnownFileType = sourcecode.c.h; path = ofxiOSMapKit.h; sourceTree = "<group>"; };
		844639B91BC3443E00F24926 /* ofxiOSMapKit.mm */ = {isa = PBXFileReference; fileEncoding = 4; lastKnownFileType = sourcecode.cpp.objcpp; path = ofxiOSMapKit.mm; sourceTree = "<group>"; };
		844639BA1BC3443E00F24926 /* ofxiOSMapKitDelegate.h */ = {isa = PBXFileReference; fileEncoding = 4; lastKnownFileType = sourcecode.c.h; path = ofxiOSMapKitDelegate.h; sourceTree = "<group>"; };
		844639BB1BC3443E00F24926 /* ofxiOSMapKitDelegate.mm */ = {isa = PBXFileReference; fileEncoding = 4; lastKnownFileType = sourcecode.cpp.objcpp; path = ofxiOSMapKitDelegate.mm; sourceTree = "<group>"; };
		844639BC1BC3443E00F24926 /* ofxiOSMapKitListener.h */ = {isa = PBXFileReference; fileEncoding = 4; lastKnownFileType = sourcecode.c.h; path = ofxiOSMapKitListener.h; sourceTree = "<group>"; };
		84463AA51BC3452400F24926 /* AudioToolbox.framework */ = {isa = PBXFileReference; lastKnownFileType = wrapper.framework; name = AudioToolbox.framework; path = System/Library/Frameworks/AudioToolbox.framework; sourceTree = SDKROOT; };
		84463AA61BC3452400F24926 /* AVFoundation.framework */ = {isa = PBXFileReference; lastKnownFileType = wrapper.framework; name = AVFoundation.framework; path = System/Library/Frameworks/AVFoundation.framework; sourceTree = SDKROOT; };
		84463AA71BC3452400F24926 /* CoreAudio.framework */ = {isa = PBXFileReference; lastKnownFileType = wrapper.framework; name = CoreAudio.framework; path = System/Library/Frameworks/CoreAudio.framework; sourceTree = SDKROOT; };
		84463AA81BC3452400F24926 /* CoreGraphics.framework */ = {isa = PBXFileReference; lastKnownFileType = wrapper.framework; name = CoreGraphics.framework; path = System/Library/Frameworks/CoreGraphics.framework; sourceTree = SDKROOT; };
		84463AA91BC3452400F24926 /* CoreMedia.framework */ = {isa = PBXFileReference; lastKnownFileType = wrapper.framework; name = CoreMedia.framework; path = System/Library/Frameworks/CoreMedia.framework; sourceTree = SDKROOT; };
		84463AAA1BC3452400F24926 /* Foundation.framework */ = {isa = PBXFileReference; lastKnownFileType = wrapper.framework; name = Foundation.framework; path = System/Library/Frameworks/Foundation.framework; sourceTree = SDKROOT; };
		84463AAB1BC3452400F24926 /* OpenAL.framework */ = {isa = PBXFileReference; lastKnownFileType = wrapper.framework; name = OpenAL.framework; path = System/Library/Frameworks/OpenAL.framework; sourceTree = SDKROOT; };
		84463AAC1BC3452400F24926 /* OpenGLES.framework */ = {isa = PBXFileReference; lastKnownFileType = wrapper.framework; name = OpenGLES.framework; path = System/Library/Frameworks/OpenGLES.framework; sourceTree = SDKROOT; };
		84463AAD1BC3452400F24926 /* QuartzCore.framework */ = {isa = PBXFileReference; lastKnownFileType = wrapper.framework; name = QuartzCore.framework; path = System/Library/Frameworks/QuartzCore.framework; sourceTree = SDKROOT; };
		84463AAE1BC3452400F24926 /* UIKit.framework */ = {isa = PBXFileReference; lastKnownFileType = wrapper.framework; name = UIKit.framework; path = System/Library/Frameworks/UIKit.framework; sourceTree = SDKROOT; };
		901808942053554C004A7774 /* ofxtvOSGLKViewController.mm */ = {isa = PBXFileReference; fileEncoding = 4; lastKnownFileType = sourcecode.cpp.objcpp; path = ofxtvOSGLKViewController.mm; sourceTree = "<group>"; };
		901808952053554C004A7774 /* ofxtvOSGLKViewController.h */ = {isa = PBXFileReference; fileEncoding = 4; lastKnownFileType = sourcecode.c.h; path = ofxtvOSGLKViewController.h; sourceTree = "<group>"; };
		90180897205355B5004A7774 /* EAGLKView.m */ = {isa = PBXFileReference; fileEncoding = 4; lastKnownFileType = sourcecode.c.objc; path = EAGLKView.m; sourceTree = "<group>"; };
		90180898205355B5004A7774 /* EAGLKView.h */ = {isa = PBXFileReference; fileEncoding = 4; lastKnownFileType = sourcecode.c.h; path = EAGLKView.h; sourceTree = "<group>"; };
		9018089A20535AA7004A7774 /* ofxiOSGLKView.h */ = {isa = PBXFileReference; fileEncoding = 4; lastKnownFileType = sourcecode.c.h; path = ofxiOSGLKView.h; sourceTree = "<group>"; };
		9018089B20535AA8004A7774 /* ofxiOSGLKViewController.h */ = {isa = PBXFileReference; fileEncoding = 4; lastKnownFileType = sourcecode.c.h; path = ofxiOSGLKViewController.h; sourceTree = "<group>"; };
		9018089C20535AA8004A7774 /* ofxiOSGLKViewController.mm */ = {isa = PBXFileReference; fileEncoding = 4; lastKnownFileType = sourcecode.cpp.objcpp; path = ofxiOSGLKViewController.mm; sourceTree = "<group>"; };
		9018089D20535AA8004A7774 /* ofxiOSGLKView.mm */ = {isa = PBXFileReference; fileEncoding = 4; lastKnownFileType = sourcecode.cpp.objcpp; path = ofxiOSGLKView.mm; sourceTree = "<group>"; };
		901808A520535D35004A7774 /* GLKit.framework */ = {isa = PBXFileReference; lastKnownFileType = wrapper.framework; name = GLKit.framework; path = System/Library/Frameworks/GLKit.framework; sourceTree = SDKROOT; };
		9957D5331BDDB8370002D53C /* ofxtvOS.h */ = {isa = PBXFileReference; explicitFileType = sourcecode.cpp.objcpp; path = ofxtvOS.h; sourceTree = "<group>"; };
		9957D5351BDDB9BA0002D53C /* ofxtvOSAppDelegate.mm */ = {isa = PBXFileReference; fileEncoding = 4; lastKnownFileType = sourcecode.cpp.objcpp; path = ofxtvOSAppDelegate.mm; sourceTree = "<group>"; };
		9957D5361BDDB9BA0002D53C /* ofxtvOSAppDelegate.h */ = {isa = PBXFileReference; fileEncoding = 4; lastKnownFileType = sourcecode.c.h; path = ofxtvOSAppDelegate.h; sourceTree = "<group>"; };
		9957D5381BDDBB1E0002D53C /* ofxtvOSViewController.mm */ = {isa = PBXFileReference; fileEncoding = 4; lastKnownFileType = sourcecode.cpp.objcpp; path = ofxtvOSViewController.mm; sourceTree = "<group>"; };
		9957D5391BDDBB1E0002D53C /* ofxtvOSViewController.h */ = {isa = PBXFileReference; fileEncoding = 4; lastKnownFileType = sourcecode.c.h; path = ofxtvOSViewController.h; sourceTree = "<group>"; };
		9957D8711BDDDC9B0002D53C /* ofMain.h */ = {isa = PBXFileReference; fileEncoding = 4; lastKnownFileType = sourcecode.c.h; path = ofMain.h; sourceTree = "<group>"; };
		9957D8721BDDDC9B0002D53C /* of3dPrimitives.cpp */ = {isa = PBXFileReference; explicitFileType = sourcecode.cpp.objcpp.preprocessed; fileEncoding = 4; path = of3dPrimitives.cpp; sourceTree = "<group>"; };
		9957D8731BDDDC9B0002D53C /* of3dPrimitives.h */ = {isa = PBXFileReference; fileEncoding = 4; lastKnownFileType = sourcecode.c.h; path = of3dPrimitives.h; sourceTree = "<group>"; };
		9957D8741BDDDC9B0002D53C /* of3dUtils.cpp */ = {isa = PBXFileReference; explicitFileType = sourcecode.cpp.objcpp.preprocessed; fileEncoding = 4; path = of3dUtils.cpp; sourceTree = "<group>"; };
		9957D8751BDDDC9B0002D53C /* of3dUtils.h */ = {isa = PBXFileReference; fileEncoding = 4; lastKnownFileType = sourcecode.c.h; path = of3dUtils.h; sourceTree = "<group>"; };
		9957D8761BDDDC9B0002D53C /* ofCamera.cpp */ = {isa = PBXFileReference; explicitFileType = sourcecode.cpp.objcpp.preprocessed; fileEncoding = 4; path = ofCamera.cpp; sourceTree = "<group>"; };
		9957D8771BDDDC9B0002D53C /* ofCamera.h */ = {isa = PBXFileReference; fileEncoding = 4; lastKnownFileType = sourcecode.c.h; path = ofCamera.h; sourceTree = "<group>"; };
		9957D8781BDDDC9B0002D53C /* ofEasyCam.cpp */ = {isa = PBXFileReference; explicitFileType = sourcecode.cpp.objcpp.preprocessed; fileEncoding = 4; path = ofEasyCam.cpp; sourceTree = "<group>"; };
		9957D8791BDDDC9B0002D53C /* ofEasyCam.h */ = {isa = PBXFileReference; fileEncoding = 4; lastKnownFileType = sourcecode.c.h; path = ofEasyCam.h; sourceTree = "<group>"; };
		9957D87B1BDDDC9B0002D53C /* ofMesh.h */ = {isa = PBXFileReference; fileEncoding = 4; lastKnownFileType = sourcecode.c.h; path = ofMesh.h; sourceTree = "<group>"; };
		9957D87C1BDDDC9B0002D53C /* ofNode.cpp */ = {isa = PBXFileReference; explicitFileType = sourcecode.cpp.objcpp.preprocessed; fileEncoding = 4; path = ofNode.cpp; sourceTree = "<group>"; };
		9957D87D1BDDDC9B0002D53C /* ofNode.h */ = {isa = PBXFileReference; fileEncoding = 4; lastKnownFileType = sourcecode.c.h; path = ofNode.h; sourceTree = "<group>"; };
		9957D87F1BDDDC9B0002D53C /* ofAppBaseWindow.h */ = {isa = PBXFileReference; fileEncoding = 4; lastKnownFileType = sourcecode.c.h; path = ofAppBaseWindow.h; sourceTree = "<group>"; };
		9957D8801BDDDC9B0002D53C /* ofAppRunner.cpp */ = {isa = PBXFileReference; explicitFileType = sourcecode.cpp.objcpp.preprocessed; fileEncoding = 4; path = ofAppRunner.cpp; sourceTree = "<group>"; };
		9957D8811BDDDC9B0002D53C /* ofAppRunner.h */ = {isa = PBXFileReference; fileEncoding = 4; lastKnownFileType = sourcecode.c.h; path = ofAppRunner.h; sourceTree = "<group>"; };
		9957D8821BDDDC9B0002D53C /* ofBaseApp.h */ = {isa = PBXFileReference; fileEncoding = 4; lastKnownFileType = sourcecode.c.h; path = ofBaseApp.h; sourceTree = "<group>"; };
		9957D8831BDDDC9B0002D53C /* ofMainLoop.cpp */ = {isa = PBXFileReference; fileEncoding = 4; lastKnownFileType = sourcecode.cpp.cpp; path = ofMainLoop.cpp; sourceTree = "<group>"; };
		9957D8841BDDDC9B0002D53C /* ofMainLoop.h */ = {isa = PBXFileReference; fileEncoding = 4; lastKnownFileType = sourcecode.c.h; path = ofMainLoop.h; sourceTree = "<group>"; };
		9957D8851BDDDC9B0002D53C /* ofWindowSettings.h */ = {isa = PBXFileReference; fileEncoding = 4; lastKnownFileType = sourcecode.c.h; path = ofWindowSettings.h; sourceTree = "<group>"; };
		9957D8881BDDDC9B0002D53C /* ofEvent.h */ = {isa = PBXFileReference; fileEncoding = 4; lastKnownFileType = sourcecode.c.h; path = ofEvent.h; sourceTree = "<group>"; };
		9957D8891BDDDC9B0002D53C /* ofEvents.cpp */ = {isa = PBXFileReference; fileEncoding = 4; lastKnownFileType = sourcecode.cpp.cpp; path = ofEvents.cpp; sourceTree = "<group>"; };
		9957D88A1BDDDC9B0002D53C /* ofEvents.h */ = {isa = PBXFileReference; fileEncoding = 4; lastKnownFileType = sourcecode.c.h; path = ofEvents.h; sourceTree = "<group>"; };
		9957D88B1BDDDC9B0002D53C /* ofEventUtils.h */ = {isa = PBXFileReference; fileEncoding = 4; lastKnownFileType = sourcecode.c.h; path = ofEventUtils.h; sourceTree = "<group>"; };
		9957D88D1BDDDC9B0002D53C /* ofBufferObject.cpp */ = {isa = PBXFileReference; fileEncoding = 4; lastKnownFileType = sourcecode.cpp.cpp; path = ofBufferObject.cpp; sourceTree = "<group>"; };
		9957D88E1BDDDC9B0002D53C /* ofBufferObject.h */ = {isa = PBXFileReference; fileEncoding = 4; lastKnownFileType = sourcecode.c.h; path = ofBufferObject.h; sourceTree = "<group>"; };
		9957D88F1BDDDC9B0002D53C /* ofFbo.cpp */ = {isa = PBXFileReference; fileEncoding = 4; lastKnownFileType = sourcecode.cpp.cpp; path = ofFbo.cpp; sourceTree = "<group>"; };
		9957D8901BDDDC9B0002D53C /* ofFbo.h */ = {isa = PBXFileReference; fileEncoding = 4; lastKnownFileType = sourcecode.c.h; path = ofFbo.h; sourceTree = "<group>"; };
		9957D8911BDDDC9B0002D53C /* ofGLProgrammableRenderer.cpp */ = {isa = PBXFileReference; fileEncoding = 4; lastKnownFileType = sourcecode.cpp.cpp; path = ofGLProgrammableRenderer.cpp; sourceTree = "<group>"; };
		9957D8921BDDDC9B0002D53C /* ofGLProgrammableRenderer.h */ = {isa = PBXFileReference; fileEncoding = 4; lastKnownFileType = sourcecode.c.h; path = ofGLProgrammableRenderer.h; sourceTree = "<group>"; };
		9957D8931BDDDC9B0002D53C /* ofGLRenderer.cpp */ = {isa = PBXFileReference; fileEncoding = 4; lastKnownFileType = sourcecode.cpp.cpp; path = ofGLRenderer.cpp; sourceTree = "<group>"; };
		9957D8941BDDDC9B0002D53C /* ofGLRenderer.h */ = {isa = PBXFileReference; fileEncoding = 4; lastKnownFileType = sourcecode.c.h; path = ofGLRenderer.h; sourceTree = "<group>"; };
		9957D8951BDDDC9B0002D53C /* ofGLUtils.cpp */ = {isa = PBXFileReference; fileEncoding = 4; lastKnownFileType = sourcecode.cpp.cpp; path = ofGLUtils.cpp; sourceTree = "<group>"; };
		9957D8961BDDDC9B0002D53C /* ofGLUtils.h */ = {isa = PBXFileReference; fileEncoding = 4; lastKnownFileType = sourcecode.c.h; path = ofGLUtils.h; sourceTree = "<group>"; };
		9957D8971BDDDC9B0002D53C /* ofLight.cpp */ = {isa = PBXFileReference; fileEncoding = 4; lastKnownFileType = sourcecode.cpp.cpp; path = ofLight.cpp; sourceTree = "<group>"; };
		9957D8981BDDDC9B0002D53C /* ofLight.h */ = {isa = PBXFileReference; fileEncoding = 4; lastKnownFileType = sourcecode.c.h; path = ofLight.h; sourceTree = "<group>"; };
		9957D8991BDDDC9B0002D53C /* ofMaterial.cpp */ = {isa = PBXFileReference; fileEncoding = 4; lastKnownFileType = sourcecode.cpp.cpp; path = ofMaterial.cpp; sourceTree = "<group>"; };
		9957D89A1BDDDC9B0002D53C /* ofMaterial.h */ = {isa = PBXFileReference; fileEncoding = 4; lastKnownFileType = sourcecode.c.h; path = ofMaterial.h; sourceTree = "<group>"; };
		9957D89B1BDDDC9B0002D53C /* ofShader.cpp */ = {isa = PBXFileReference; fileEncoding = 4; lastKnownFileType = sourcecode.cpp.cpp; path = ofShader.cpp; sourceTree = "<group>"; };
		9957D89C1BDDDC9B0002D53C /* ofShader.h */ = {isa = PBXFileReference; fileEncoding = 4; lastKnownFileType = sourcecode.c.h; path = ofShader.h; sourceTree = "<group>"; };
		9957D89D1BDDDC9B0002D53C /* ofTexture.cpp */ = {isa = PBXFileReference; fileEncoding = 4; lastKnownFileType = sourcecode.cpp.cpp; path = ofTexture.cpp; sourceTree = "<group>"; };
		9957D89E1BDDDC9B0002D53C /* ofTexture.h */ = {isa = PBXFileReference; fileEncoding = 4; lastKnownFileType = sourcecode.c.h; path = ofTexture.h; sourceTree = "<group>"; };
		9957D89F1BDDDC9B0002D53C /* ofVbo.cpp */ = {isa = PBXFileReference; fileEncoding = 4; lastKnownFileType = sourcecode.cpp.cpp; path = ofVbo.cpp; sourceTree = "<group>"; };
		9957D8A01BDDDC9B0002D53C /* ofVbo.h */ = {isa = PBXFileReference; fileEncoding = 4; lastKnownFileType = sourcecode.c.h; path = ofVbo.h; sourceTree = "<group>"; };
		9957D8A11BDDDC9B0002D53C /* ofVboMesh.cpp */ = {isa = PBXFileReference; fileEncoding = 4; lastKnownFileType = sourcecode.cpp.cpp; path = ofVboMesh.cpp; sourceTree = "<group>"; };
		9957D8A21BDDDC9B0002D53C /* ofVboMesh.h */ = {isa = PBXFileReference; fileEncoding = 4; lastKnownFileType = sourcecode.c.h; path = ofVboMesh.h; sourceTree = "<group>"; };
		9957D8A41BDDDC9B0002D53C /* of3dGraphics.cpp */ = {isa = PBXFileReference; fileEncoding = 4; lastKnownFileType = sourcecode.cpp.cpp; path = of3dGraphics.cpp; sourceTree = "<group>"; };
		9957D8A51BDDDC9B0002D53C /* of3dGraphics.h */ = {isa = PBXFileReference; fileEncoding = 4; lastKnownFileType = sourcecode.c.h; path = of3dGraphics.h; sourceTree = "<group>"; };
		9957D8A61BDDDC9B0002D53C /* ofBitmapFont.cpp */ = {isa = PBXFileReference; fileEncoding = 4; lastKnownFileType = sourcecode.cpp.cpp; path = ofBitmapFont.cpp; sourceTree = "<group>"; };
		9957D8A71BDDDC9B0002D53C /* ofBitmapFont.h */ = {isa = PBXFileReference; fileEncoding = 4; lastKnownFileType = sourcecode.c.h; path = ofBitmapFont.h; sourceTree = "<group>"; };
		9957D8A81BDDDC9B0002D53C /* ofGraphics.cpp */ = {isa = PBXFileReference; fileEncoding = 4; lastKnownFileType = sourcecode.cpp.cpp; path = ofGraphics.cpp; sourceTree = "<group>"; };
		9957D8A91BDDDC9B0002D53C /* ofGraphics.h */ = {isa = PBXFileReference; fileEncoding = 4; lastKnownFileType = sourcecode.c.h; path = ofGraphics.h; sourceTree = "<group>"; };
		9957D8AA1BDDDC9B0002D53C /* ofImage.cpp */ = {isa = PBXFileReference; fileEncoding = 4; lastKnownFileType = sourcecode.cpp.cpp; path = ofImage.cpp; sourceTree = "<group>"; };
		9957D8AB1BDDDC9B0002D53C /* ofImage.h */ = {isa = PBXFileReference; fileEncoding = 4; lastKnownFileType = sourcecode.c.h; path = ofImage.h; sourceTree = "<group>"; };
		9957D8AC1BDDDC9B0002D53C /* ofPath.cpp */ = {isa = PBXFileReference; fileEncoding = 4; lastKnownFileType = sourcecode.cpp.cpp; path = ofPath.cpp; sourceTree = "<group>"; };
		9957D8AD1BDDDC9B0002D53C /* ofPath.h */ = {isa = PBXFileReference; fileEncoding = 4; lastKnownFileType = sourcecode.c.h; path = ofPath.h; sourceTree = "<group>"; };
		9957D8AE1BDDDC9B0002D53C /* ofPixels.cpp */ = {isa = PBXFileReference; fileEncoding = 4; lastKnownFileType = sourcecode.cpp.cpp; path = ofPixels.cpp; sourceTree = "<group>"; };
		9957D8AF1BDDDC9B0002D53C /* ofPixels.h */ = {isa = PBXFileReference; fileEncoding = 4; lastKnownFileType = sourcecode.c.h; path = ofPixels.h; sourceTree = "<group>"; };
		9957D8B11BDDDC9B0002D53C /* ofPolyline.h */ = {isa = PBXFileReference; fileEncoding = 4; lastKnownFileType = sourcecode.c.h; path = ofPolyline.h; sourceTree = "<group>"; };
		9957D8B21BDDDC9B0002D53C /* ofRendererCollection.cpp */ = {isa = PBXFileReference; fileEncoding = 4; lastKnownFileType = sourcecode.cpp.cpp; path = ofRendererCollection.cpp; sourceTree = "<group>"; };
		9957D8B31BDDDC9B0002D53C /* ofRendererCollection.h */ = {isa = PBXFileReference; fileEncoding = 4; lastKnownFileType = sourcecode.c.h; path = ofRendererCollection.h; sourceTree = "<group>"; };
		9957D8B41BDDDC9B0002D53C /* ofTessellator.cpp */ = {isa = PBXFileReference; fileEncoding = 4; lastKnownFileType = sourcecode.cpp.cpp; path = ofTessellator.cpp; sourceTree = "<group>"; };
		9957D8B51BDDDC9B0002D53C /* ofTessellator.h */ = {isa = PBXFileReference; fileEncoding = 4; lastKnownFileType = sourcecode.c.h; path = ofTessellator.h; sourceTree = "<group>"; };
		9957D8B61BDDDC9B0002D53C /* ofTrueTypeFont.cpp */ = {isa = PBXFileReference; fileEncoding = 4; lastKnownFileType = sourcecode.cpp.cpp; path = ofTrueTypeFont.cpp; sourceTree = "<group>"; };
		9957D8B71BDDDC9B0002D53C /* ofTrueTypeFont.h */ = {isa = PBXFileReference; fileEncoding = 4; lastKnownFileType = sourcecode.c.h; path = ofTrueTypeFont.h; sourceTree = "<group>"; };
		9957D8B91BDDDC9B0002D53C /* ofMath.cpp */ = {isa = PBXFileReference; fileEncoding = 4; lastKnownFileType = sourcecode.cpp.cpp; path = ofMath.cpp; sourceTree = "<group>"; };
		9957D8BA1BDDDC9B0002D53C /* ofMath.h */ = {isa = PBXFileReference; fileEncoding = 4; lastKnownFileType = sourcecode.c.h; path = ofMath.h; sourceTree = "<group>"; };
		9957D8BB1BDDDC9B0002D53C /* ofMatrix3x3.cpp */ = {isa = PBXFileReference; fileEncoding = 4; lastKnownFileType = sourcecode.cpp.cpp; path = ofMatrix3x3.cpp; sourceTree = "<group>"; };
		9957D8BC1BDDDC9B0002D53C /* ofMatrix3x3.h */ = {isa = PBXFileReference; fileEncoding = 4; lastKnownFileType = sourcecode.c.h; path = ofMatrix3x3.h; sourceTree = "<group>"; };
		9957D8BD1BDDDC9B0002D53C /* ofMatrix4x4.cpp */ = {isa = PBXFileReference; fileEncoding = 4; lastKnownFileType = sourcecode.cpp.cpp; path = ofMatrix4x4.cpp; sourceTree = "<group>"; };
		9957D8BE1BDDDC9B0002D53C /* ofMatrix4x4.h */ = {isa = PBXFileReference; fileEncoding = 4; lastKnownFileType = sourcecode.c.h; path = ofMatrix4x4.h; sourceTree = "<group>"; };
		9957D8BF1BDDDC9B0002D53C /* ofQuaternion.cpp */ = {isa = PBXFileReference; fileEncoding = 4; lastKnownFileType = sourcecode.cpp.cpp; path = ofQuaternion.cpp; sourceTree = "<group>"; };
		9957D8C01BDDDC9B0002D53C /* ofQuaternion.h */ = {isa = PBXFileReference; fileEncoding = 4; lastKnownFileType = sourcecode.c.h; path = ofQuaternion.h; sourceTree = "<group>"; };
		9957D8C11BDDDC9B0002D53C /* ofVec2f.cpp */ = {isa = PBXFileReference; fileEncoding = 4; lastKnownFileType = sourcecode.cpp.cpp; path = ofVec2f.cpp; sourceTree = "<group>"; };
		9957D8C21BDDDC9B0002D53C /* ofVec2f.h */ = {isa = PBXFileReference; fileEncoding = 4; lastKnownFileType = sourcecode.c.h; path = ofVec2f.h; sourceTree = "<group>"; };
		9957D8C31BDDDC9B0002D53C /* ofVec3f.h */ = {isa = PBXFileReference; fileEncoding = 4; lastKnownFileType = sourcecode.c.h; path = ofVec3f.h; sourceTree = "<group>"; };
		9957D8C41BDDDC9B0002D53C /* ofVec4f.cpp */ = {isa = PBXFileReference; fileEncoding = 4; lastKnownFileType = sourcecode.cpp.cpp; path = ofVec4f.cpp; sourceTree = "<group>"; };
		9957D8C51BDDDC9B0002D53C /* ofVec4f.h */ = {isa = PBXFileReference; fileEncoding = 4; lastKnownFileType = sourcecode.c.h; path = ofVec4f.h; sourceTree = "<group>"; };
		9957D8C61BDDDC9B0002D53C /* ofVectorMath.h */ = {isa = PBXFileReference; fileEncoding = 4; lastKnownFileType = sourcecode.c.h; path = ofVectorMath.h; sourceTree = "<group>"; };
		9957D8CB1BDDDC9B0002D53C /* ofSoundBuffer.cpp */ = {isa = PBXFileReference; fileEncoding = 4; lastKnownFileType = sourcecode.cpp.cpp; path = ofSoundBuffer.cpp; sourceTree = "<group>"; };
		9957D8CC1BDDDC9B0002D53C /* ofSoundBuffer.h */ = {isa = PBXFileReference; fileEncoding = 4; lastKnownFileType = sourcecode.c.h; path = ofSoundBuffer.h; sourceTree = "<group>"; };
		9957D8CD1BDDDC9B0002D53C /* ofSoundPlayer.cpp */ = {isa = PBXFileReference; fileEncoding = 4; lastKnownFileType = sourcecode.cpp.cpp; path = ofSoundPlayer.cpp; sourceTree = "<group>"; };
		9957D8CE1BDDDC9B0002D53C /* ofSoundPlayer.h */ = {isa = PBXFileReference; fileEncoding = 4; lastKnownFileType = sourcecode.c.h; path = ofSoundPlayer.h; sourceTree = "<group>"; };
		9957D8CF1BDDDC9B0002D53C /* ofSoundStream.cpp */ = {isa = PBXFileReference; fileEncoding = 4; lastKnownFileType = sourcecode.cpp.cpp; path = ofSoundStream.cpp; sourceTree = "<group>"; };
		9957D8D01BDDDC9B0002D53C /* ofSoundStream.h */ = {isa = PBXFileReference; fileEncoding = 4; lastKnownFileType = sourcecode.c.h; path = ofSoundStream.h; sourceTree = "<group>"; };
		9957D8D11BDDDC9B0002D53C /* ofSoundUtils.h */ = {isa = PBXFileReference; fileEncoding = 4; lastKnownFileType = sourcecode.c.h; path = ofSoundUtils.h; sourceTree = "<group>"; };
		9957D8D31BDDDC9B0002D53C /* ofBaseTypes.cpp */ = {isa = PBXFileReference; fileEncoding = 4; lastKnownFileType = sourcecode.cpp.cpp; path = ofBaseTypes.cpp; sourceTree = "<group>"; };
		9957D8D51BDDDC9B0002D53C /* ofColor.cpp */ = {isa = PBXFileReference; fileEncoding = 4; lastKnownFileType = sourcecode.cpp.cpp; path = ofColor.cpp; sourceTree = "<group>"; };
		9957D8D61BDDDC9B0002D53C /* ofColor.h */ = {isa = PBXFileReference; fileEncoding = 4; lastKnownFileType = sourcecode.c.h; path = ofColor.h; sourceTree = "<group>"; };
		9957D8D71BDDDC9B0002D53C /* ofParameter.cpp */ = {isa = PBXFileReference; fileEncoding = 4; lastKnownFileType = sourcecode.cpp.cpp; path = ofParameter.cpp; sourceTree = "<group>"; };
		9957D8D81BDDDC9B0002D53C /* ofParameter.h */ = {isa = PBXFileReference; fileEncoding = 4; lastKnownFileType = sourcecode.c.h; path = ofParameter.h; sourceTree = "<group>"; };
		9957D8D91BDDDC9B0002D53C /* ofParameterGroup.cpp */ = {isa = PBXFileReference; fileEncoding = 4; lastKnownFileType = sourcecode.cpp.cpp; path = ofParameterGroup.cpp; sourceTree = "<group>"; };
		9957D8DA1BDDDC9B0002D53C /* ofParameterGroup.h */ = {isa = PBXFileReference; fileEncoding = 4; lastKnownFileType = sourcecode.c.h; path = ofParameterGroup.h; sourceTree = "<group>"; };
		9957D8DB1BDDDC9B0002D53C /* ofPoint.h */ = {isa = PBXFileReference; fileEncoding = 4; lastKnownFileType = sourcecode.c.h; path = ofPoint.h; sourceTree = "<group>"; };
		9957D8DC1BDDDC9B0002D53C /* ofRectangle.cpp */ = {isa = PBXFileReference; fileEncoding = 4; lastKnownFileType = sourcecode.cpp.cpp; path = ofRectangle.cpp; sourceTree = "<group>"; };
		9957D8DD1BDDDC9B0002D53C /* ofRectangle.h */ = {isa = PBXFileReference; fileEncoding = 4; lastKnownFileType = sourcecode.c.h; path = ofRectangle.h; sourceTree = "<group>"; };
		9957D8DE1BDDDC9B0002D53C /* ofTypes.h */ = {isa = PBXFileReference; fileEncoding = 4; lastKnownFileType = sourcecode.c.h; path = ofTypes.h; sourceTree = "<group>"; };
		9957D8E01BDDDC9B0002D53C /* ofConstants.h */ = {isa = PBXFileReference; fileEncoding = 4; lastKnownFileType = sourcecode.c.h; path = ofConstants.h; sourceTree = "<group>"; };
		9957D8E11BDDDC9B0002D53C /* ofFileUtils.cpp */ = {isa = PBXFileReference; explicitFileType = sourcecode.cpp.objcpp.preprocessed; fileEncoding = 4; path = ofFileUtils.cpp; sourceTree = "<group>"; };
		9957D8E21BDDDC9B0002D53C /* ofFileUtils.h */ = {isa = PBXFileReference; fileEncoding = 4; lastKnownFileType = sourcecode.c.h; path = ofFileUtils.h; sourceTree = "<group>"; };
		9957D8E31BDDDC9B0002D53C /* ofFpsCounter.cpp */ = {isa = PBXFileReference; fileEncoding = 4; lastKnownFileType = sourcecode.cpp.cpp; path = ofFpsCounter.cpp; sourceTree = "<group>"; };
		9957D8E41BDDDC9B0002D53C /* ofFpsCounter.h */ = {isa = PBXFileReference; fileEncoding = 4; lastKnownFileType = sourcecode.c.h; path = ofFpsCounter.h; sourceTree = "<group>"; };
		9957D8E51BDDDC9B0002D53C /* ofLog.cpp */ = {isa = PBXFileReference; explicitFileType = sourcecode.cpp.objcpp.preprocessed; fileEncoding = 4; path = ofLog.cpp; sourceTree = "<group>"; };
		9957D8E61BDDDC9B0002D53C /* ofLog.h */ = {isa = PBXFileReference; fileEncoding = 4; lastKnownFileType = sourcecode.c.h; path = ofLog.h; sourceTree = "<group>"; };
		9957D8E71BDDDC9B0002D53C /* ofMatrixStack.cpp */ = {isa = PBXFileReference; explicitFileType = sourcecode.cpp.objcpp.preprocessed; fileEncoding = 4; path = ofMatrixStack.cpp; sourceTree = "<group>"; };
		9957D8E81BDDDC9B0002D53C /* ofMatrixStack.h */ = {isa = PBXFileReference; fileEncoding = 4; lastKnownFileType = sourcecode.c.h; path = ofMatrixStack.h; sourceTree = "<group>"; };
		9957D8E91BDDDC9B0002D53C /* ofNoise.h */ = {isa = PBXFileReference; fileEncoding = 4; lastKnownFileType = sourcecode.c.h; path = ofNoise.h; sourceTree = "<group>"; };
		9957D8EA1BDDDC9B0002D53C /* ofSystemUtils.cpp */ = {isa = PBXFileReference; explicitFileType = sourcecode.cpp.objcpp.preprocessed; fileEncoding = 4; path = ofSystemUtils.cpp; sourceTree = "<group>"; };
		9957D8EB1BDDDC9B0002D53C /* ofSystemUtils.h */ = {isa = PBXFileReference; fileEncoding = 4; lastKnownFileType = sourcecode.c.h; path = ofSystemUtils.h; sourceTree = "<group>"; };
		9957D8EC1BDDDC9B0002D53C /* ofThread.cpp */ = {isa = PBXFileReference; explicitFileType = sourcecode.cpp.objcpp.preprocessed; fileEncoding = 4; path = ofThread.cpp; sourceTree = "<group>"; };
		9957D8ED1BDDDC9B0002D53C /* ofThread.h */ = {isa = PBXFileReference; fileEncoding = 4; lastKnownFileType = sourcecode.c.h; path = ofThread.h; sourceTree = "<group>"; };
		9957D8EE1BDDDC9B0002D53C /* ofThreadChannel.h */ = {isa = PBXFileReference; fileEncoding = 4; lastKnownFileType = sourcecode.c.h; path = ofThreadChannel.h; sourceTree = "<group>"; };
		9957D8EF1BDDDC9B0002D53C /* ofTimer.cpp */ = {isa = PBXFileReference; fileEncoding = 4; lastKnownFileType = sourcecode.cpp.cpp; path = ofTimer.cpp; sourceTree = "<group>"; };
		9957D8F01BDDDC9B0002D53C /* ofTimer.h */ = {isa = PBXFileReference; fileEncoding = 4; lastKnownFileType = sourcecode.c.h; path = ofTimer.h; sourceTree = "<group>"; };
		9957D8F11BDDDC9B0002D53C /* ofURLFileLoader.cpp */ = {isa = PBXFileReference; explicitFileType = sourcecode.cpp.objcpp.preprocessed; fileEncoding = 4; path = ofURLFileLoader.cpp; sourceTree = "<group>"; };
		9957D8F21BDDDC9B0002D53C /* ofURLFileLoader.h */ = {isa = PBXFileReference; fileEncoding = 4; lastKnownFileType = sourcecode.c.h; path = ofURLFileLoader.h; sourceTree = "<group>"; };
		9957D8F31BDDDC9B0002D53C /* ofUtils.cpp */ = {isa = PBXFileReference; explicitFileType = sourcecode.cpp.objcpp.preprocessed; fileEncoding = 4; path = ofUtils.cpp; sourceTree = "<group>"; };
		9957D8F41BDDDC9B0002D53C /* ofUtils.h */ = {isa = PBXFileReference; fileEncoding = 4; lastKnownFileType = sourcecode.c.h; path = ofUtils.h; sourceTree = "<group>"; };
		9957D8F51BDDDC9B0002D53C /* ofXml.cpp */ = {isa = PBXFileReference; fileEncoding = 4; lastKnownFileType = sourcecode.cpp.cpp; path = ofXml.cpp; sourceTree = "<group>"; };
		9957D8F61BDDDC9B0002D53C /* ofXml.h */ = {isa = PBXFileReference; fileEncoding = 4; lastKnownFileType = sourcecode.c.h; path = ofXml.h; sourceTree = "<group>"; };
		9957D8F81BDDDC9B0002D53C /* ofVideoGrabber.cpp */ = {isa = PBXFileReference; fileEncoding = 4; lastKnownFileType = sourcecode.cpp.cpp; path = ofVideoGrabber.cpp; sourceTree = "<group>"; };
		9957D8F91BDDDC9B0002D53C /* ofVideoGrabber.h */ = {isa = PBXFileReference; fileEncoding = 4; lastKnownFileType = sourcecode.c.h; path = ofVideoGrabber.h; sourceTree = "<group>"; };
		9957D8FA1BDDDC9B0002D53C /* ofVideoPlayer.cpp */ = {isa = PBXFileReference; fileEncoding = 4; lastKnownFileType = sourcecode.cpp.cpp; path = ofVideoPlayer.cpp; sourceTree = "<group>"; };
		9957D8FB1BDDDC9B0002D53C /* ofVideoPlayer.h */ = {isa = PBXFileReference; fileEncoding = 4; lastKnownFileType = sourcecode.c.h; path = ofVideoPlayer.h; sourceTree = "<group>"; };
		99752D2F1BF20A4C0026316A /* GameController.framework */ = {isa = PBXFileReference; lastKnownFileType = wrapper.framework; name = GameController.framework; path = System/Library/Frameworks/GameController.framework; sourceTree = SDKROOT; };
/* End PBXFileReference section */

/* Begin PBXFrameworksBuildPhase section */
		844639591BC343E000F24926 /* Frameworks */ = {
			isa = PBXFrameworksBuildPhase;
			buildActionMask = 2147483647;
			files = (
				901808A720535D54004A7774 /* GLKit.framework in Frameworks */,
				99752D301BF20A4C0026316A /* GameController.framework in Frameworks */,
				84463AAF1BC3452400F24926 /* AudioToolbox.framework in Frameworks */,
				84463AB01BC3452400F24926 /* AVFoundation.framework in Frameworks */,
				84463AB11BC3452400F24926 /* CoreAudio.framework in Frameworks */,
				84463AB21BC3452400F24926 /* CoreGraphics.framework in Frameworks */,
				84463AB31BC3452400F24926 /* CoreMedia.framework in Frameworks */,
				84463AB41BC3452400F24926 /* Foundation.framework in Frameworks */,
				84463AB51BC3452400F24926 /* OpenAL.framework in Frameworks */,
				84463AB61BC3452400F24926 /* OpenGLES.framework in Frameworks */,
				84463AB71BC3452400F24926 /* QuartzCore.framework in Frameworks */,
				84463AB81BC3452400F24926 /* UIKit.framework in Frameworks */,
			);
			runOnlyForDeploymentPostprocessing = 0;
		};
/* End PBXFrameworksBuildPhase section */

/* Begin PBXGroup section */
		844639531BC343E000F24926 = {
			isa = PBXGroup;
			children = (
				9957D8FD1BDDDC9B0002D53C /* openFrameworks */,
				844639C01BC3443E00F24926 /* addons */,
				844639681BC3442400F24926 /* CoreOF.xcconfig */,
				8446396B1BC3442400F24926 /* Shared.xcconfig */,
				844639691BC3442400F24926 /* Debug.xcconfig */,
				8446396A1BC3442400F24926 /* Release.xcconfig */,
				84463AB91BC3452B00F24926 /* libs */,
				8446395D1BC343E000F24926 /* Products */,
			);
			sourceTree = "<group>";
		};
		8446395D1BC343E000F24926 /* Products */ = {
			isa = PBXGroup;
			children = (
				8446395C1BC343E000F24926 /* libtvOS+OFLib_Debug.a */,
			);
			name = Products;
			sourceTree = "<group>";
		};
		844639751BC3443E00F24926 /* src */ = {
			isa = PBXGroup;
			children = (
				844639731BC3443E00F24926 /* ofxAccelerometer.cpp */,
				844639741BC3443E00F24926 /* ofxAccelerometer.h */,
			);
			path = src;
			sourceTree = "<group>";
		};
		844639761BC3443E00F24926 /* ofxAccelerometer */ = {
			isa = PBXGroup;
			children = (
				844639711BC3443E00F24926 /* changelog.txt */,
				844639721BC3443E00F24926 /* LICENSE.txt */,
				844639751BC3443E00F24926 /* src */,
			);
			name = ofxAccelerometer;
			path = ../../../../addons/ofxAccelerometer;
			sourceTree = "<group>";
		};
		8446397D1BC3443E00F24926 /* app */ = {
			isa = PBXGroup;
			children = (
				8446397A1BC3443E00F24926 /* ofAppiOSWindow.h */,
				8446397B1BC3443E00F24926 /* ofAppiOSWindow.mm */,
				8446397C1BC3443E00F24926 /* ofxiOSApp.h */,
			);
			path = app;
			sourceTree = "<group>";
		};
		844639841BC3443E00F24926 /* core */ = {
			isa = PBXGroup;
			children = (
				9018089A20535AA7004A7774 /* ofxiOSGLKView.h */,
				9018089D20535AA8004A7774 /* ofxiOSGLKView.mm */,
				9018089B20535AA8004A7774 /* ofxiOSGLKViewController.h */,
				9018089C20535AA8004A7774 /* ofxiOSGLKViewController.mm */,
				8446397E1BC3443E00F24926 /* ofxiOSAppDelegate.h */,
				8446397F1BC3443E00F24926 /* ofxiOSAppDelegate.mm */,
				844639801BC3443E00F24926 /* ofxiOSViewController.h */,
				844639811BC3443E00F24926 /* ofxiOSViewController.mm */,
				844639821BC3443E00F24926 /* ofxiOSEAGLView.h */,
				844639831BC3443E00F24926 /* ofxiOSEAGLView.mm */,
			);
			path = core;
			sourceTree = "<group>";
		};
		8446398C1BC3443E00F24926 /* gl */ = {
			isa = PBXGroup;
			children = (
				90180898205355B5004A7774 /* EAGLKView.h */,
				90180897205355B5004A7774 /* EAGLKView.m */,
				844639851BC3443E00F24926 /* EAGLView.h */,
				844639861BC3443E00F24926 /* EAGLView.m */,
				844639871BC3443E00F24926 /* ESRenderer.h */,
				844639881BC3443E00F24926 /* ES1Renderer.h */,
				844639891BC3443E00F24926 /* ES1Renderer.m */,
				8446398A1BC3443E00F24926 /* ES2Renderer.h */,
				8446398B1BC3443E00F24926 /* ES2Renderer.m */,
			);
			path = gl;
			sourceTree = "<group>";
		};
		8446399F1BC3443E00F24926 /* sound */ = {
			isa = PBXGroup;
			children = (
				8446398D1BC3443E00F24926 /* AVSoundPlayer.h */,
				8446398E1BC3443E00F24926 /* AVSoundPlayer.m */,
				8446398F1BC3443E00F24926 /* ofxiOSSoundPlayer.h */,
				844639901BC3443E00F24926 /* ofxiOSSoundPlayer.mm */,
				844639911BC3443E00F24926 /* ofxiOSSoundStream.h */,
				844639921BC3443E00F24926 /* ofxiOSSoundStream.mm */,
				844639931BC3443E00F24926 /* ofxiOSSoundStreamDelegate.h */,
				844639941BC3443E00F24926 /* ofxiOSSoundStreamDelegate.mm */,
				844639951BC3443E00F24926 /* ofxOpenALSoundPlayer.cpp */,
				844639961BC3443E00F24926 /* ofxOpenALSoundPlayer.h */,
				844639971BC3443E00F24926 /* SoundEngine.cpp */,
				844639981BC3443E00F24926 /* SoundEngine.h */,
				844639991BC3443E00F24926 /* SoundInputStream.h */,
				8446399A1BC3443E00F24926 /* SoundInputStream.m */,
				8446399B1BC3443E00F24926 /* SoundOutputStream.h */,
				8446399C1BC3443E00F24926 /* SoundOutputStream.m */,
				8446399D1BC3443E00F24926 /* SoundStream.h */,
				8446399E1BC3443E00F24926 /* SoundStream.m */,
			);
			path = sound;
			sourceTree = "<group>";
		};
		844639A81BC3443E00F24926 /* video */ = {
			isa = PBXGroup;
			children = (
				844639A01BC3443E00F24926 /* AVFoundationVideoPlayer.h */,
				844639A11BC3443E00F24926 /* AVFoundationVideoPlayer.m */,
				844639A21BC3443E00F24926 /* AVFoundationVideoGrabber.h */,
				844639A31BC3443E00F24926 /* AVFoundationVideoGrabber.mm */,
				844639A41BC3443E00F24926 /* ofxiOSVideoPlayer.h */,
				844639A51BC3443E00F24926 /* ofxiOSVideoPlayer.mm */,
				844639A61BC3443E00F24926 /* ofxiOSVideoGrabber.h */,
				844639A71BC3443E00F24926 /* ofxiOSVideoGrabber.mm */,
			);
			path = video;
			sourceTree = "<group>";
		};
		844639AD1BC3443E00F24926 /* events */ = {
			isa = PBXGroup;
			children = (
				844639A91BC3443E00F24926 /* ofxiOSAlerts.h */,
				844639AA1BC3443E00F24926 /* ofxiOSAlerts.mm */,
				844639AB1BC3443E00F24926 /* ofxiOSAlertsListener.h */,
				844639AC1BC3443E00F24926 /* ofxiOSAccelerometer.mm */,
			);
			path = events;
			sourceTree = "<group>";
		};
		844639BD1BC3443E00F24926 /* utils */ = {
			isa = PBXGroup;
			children = (
				844639AE1BC3443E00F24926 /* ofxiOSExtras.h */,
				844639AF1BC3443E00F24926 /* ofxiOSExtras.mm */,
				844639B01BC3443E00F24926 /* ofxiOSExternalDisplay.h */,
				844639B11BC3443E00F24926 /* ofxiOSExternalDisplay.mm */,
				844639B21BC3443E00F24926 /* ofxiOSCoreLocation.h */,
				844639B31BC3443E00F24926 /* ofxiOSCoreLocation.mm */,
				844639B41BC3443E00F24926 /* ofxiOSImagePicker.h */,
				844639B51BC3443E00F24926 /* ofxiOSImagePicker.mm */,
				844639B61BC3443E00F24926 /* ofxiOSKeyboard.h */,
				844639B71BC3443E00F24926 /* ofxiOSKeyboard.mm */,
				844639B81BC3443E00F24926 /* ofxiOSMapKit.h */,
				844639B91BC3443E00F24926 /* ofxiOSMapKit.mm */,
				844639BA1BC3443E00F24926 /* ofxiOSMapKitDelegate.h */,
				844639BB1BC3443E00F24926 /* ofxiOSMapKitDelegate.mm */,
				844639BC1BC3443E00F24926 /* ofxiOSMapKitListener.h */,
			);
			path = utils;
			sourceTree = "<group>";
		};
		844639BE1BC3443E00F24926 /* src */ = {
			isa = PBXGroup;
			children = (
				9957D5331BDDB8370002D53C /* ofxtvOS.h */,
				9957D5341BDDB98E0002D53C /* tvOS */,
				844639771BC3443E00F24926 /* ofxiOS.h */,
				844639781BC3443E00F24926 /* ofxiOSConstants.h */,
				844639791BC3443E00F24926 /* ofxiOSExtensions.h */,
				8446397D1BC3443E00F24926 /* app */,
				844639841BC3443E00F24926 /* core */,
				8446398C1BC3443E00F24926 /* gl */,
				8446399F1BC3443E00F24926 /* sound */,
				844639A81BC3443E00F24926 /* video */,
				844639AD1BC3443E00F24926 /* events */,
				844639BD1BC3443E00F24926 /* utils */,
			);
			path = src;
			sourceTree = "<group>";
		};
		844639BF1BC3443E00F24926 /* ofxiOS */ = {
			isa = PBXGroup;
			children = (
				844639BE1BC3443E00F24926 /* src */,
			);
			name = ofxiOS;
			path = ../../../../addons/ofxiOS;
			sourceTree = "<group>";
		};
		844639C01BC3443E00F24926 /* addons */ = {
			isa = PBXGroup;
			children = (
				844639761BC3443E00F24926 /* ofxAccelerometer */,
				844639BF1BC3443E00F24926 /* ofxiOS */,
			);
			name = addons;
			path = ../ios;
			sourceTree = "<group>";
		};
		84463AB91BC3452B00F24926 /* libs */ = {
			isa = PBXGroup;
			children = (
				84463ABA1BC3453500F24926 /* core */,
			);
			name = libs;
			sourceTree = "<group>";
		};
		84463ABA1BC3453500F24926 /* core */ = {
			isa = PBXGroup;
			children = (
				84463ABB1BC3453B00F24926 /* core frameworks */,
			);
			name = core;
			sourceTree = "<group>";
		};
		84463ABB1BC3453B00F24926 /* core frameworks */ = {
			isa = PBXGroup;
			children = (
				901808A520535D35004A7774 /* GLKit.framework */,
				99752D2F1BF20A4C0026316A /* GameController.framework */,
				84463AA51BC3452400F24926 /* AudioToolbox.framework */,
				84463AA61BC3452400F24926 /* AVFoundation.framework */,
				84463AA71BC3452400F24926 /* CoreAudio.framework */,
				84463AA81BC3452400F24926 /* CoreGraphics.framework */,
				84463AA91BC3452400F24926 /* CoreMedia.framework */,
				84463AAA1BC3452400F24926 /* Foundation.framework */,
				84463AAB1BC3452400F24926 /* OpenAL.framework */,
				84463AAC1BC3452400F24926 /* OpenGLES.framework */,
				84463AAD1BC3452400F24926 /* QuartzCore.framework */,
				84463AAE1BC3452400F24926 /* UIKit.framework */,
			);
			name = "core frameworks";
			sourceTree = "<group>";
		};
		9957D5341BDDB98E0002D53C /* tvOS */ = {
			isa = PBXGroup;
			children = (
				9957D5361BDDB9BA0002D53C /* ofxtvOSAppDelegate.h */,
				9957D5351BDDB9BA0002D53C /* ofxtvOSAppDelegate.mm */,
				901808952053554C004A7774 /* ofxtvOSGLKViewController.h */,
				901808942053554C004A7774 /* ofxtvOSGLKViewController.mm */,
				9957D5381BDDBB1E0002D53C /* ofxtvOSViewController.mm */,
				9957D5391BDDBB1E0002D53C /* ofxtvOSViewController.h */,
			);
			path = tvOS;
			sourceTree = "<group>";
		};
		9957D87E1BDDDC9B0002D53C /* 3d */ = {
			isa = PBXGroup;
			children = (
				691108A91FE53C7000BDBA78 /* ofMesh.inl */,
				9957D8721BDDDC9B0002D53C /* of3dPrimitives.cpp */,
				9957D8731BDDDC9B0002D53C /* of3dPrimitives.h */,
				9957D8741BDDDC9B0002D53C /* of3dUtils.cpp */,
				9957D8751BDDDC9B0002D53C /* of3dUtils.h */,
				9957D8761BDDDC9B0002D53C /* ofCamera.cpp */,
				9957D8771BDDDC9B0002D53C /* ofCamera.h */,
				9957D8781BDDDC9B0002D53C /* ofEasyCam.cpp */,
				9957D8791BDDDC9B0002D53C /* ofEasyCam.h */,
				9957D87B1BDDDC9B0002D53C /* ofMesh.h */,
				9957D87C1BDDDC9B0002D53C /* ofNode.cpp */,
				9957D87D1BDDDC9B0002D53C /* ofNode.h */,
			);
			path = 3d;
			sourceTree = "<group>";
		};
		9957D8861BDDDC9B0002D53C /* app */ = {
			isa = PBXGroup;
			children = (
				691108AA1FE53C7B00BDBA78 /* ofBaseApp.cpp */,
				9957D87F1BDDDC9B0002D53C /* ofAppBaseWindow.h */,
				9957D8801BDDDC9B0002D53C /* ofAppRunner.cpp */,
				9957D8811BDDDC9B0002D53C /* ofAppRunner.h */,
				9957D8821BDDDC9B0002D53C /* ofBaseApp.h */,
				9957D8831BDDDC9B0002D53C /* ofMainLoop.cpp */,
				9957D8841BDDDC9B0002D53C /* ofMainLoop.h */,
				9957D8851BDDDC9B0002D53C /* ofWindowSettings.h */,
			);
			path = app;
			sourceTree = "<group>";
		};
		9957D8871BDDDC9B0002D53C /* communication */ = {
			isa = PBXGroup;
			children = (
			);
			path = communication;
			sourceTree = "<group>";
		};
		9957D88C1BDDDC9B0002D53C /* events */ = {
			isa = PBXGroup;
			children = (
				9957D8881BDDDC9B0002D53C /* ofEvent.h */,
				9957D8891BDDDC9B0002D53C /* ofEvents.cpp */,
				9957D88A1BDDDC9B0002D53C /* ofEvents.h */,
				9957D88B1BDDDC9B0002D53C /* ofEventUtils.h */,
			);
			path = events;
			sourceTree = "<group>";
		};
		9957D8A31BDDDC9B0002D53C /* gl */ = {
			isa = PBXGroup;
			children = (
				691108AC1FE53C8A00BDBA78 /* ofGLBaseTypes.h */,
				9957D88D1BDDDC9B0002D53C /* ofBufferObject.cpp */,
				9957D88E1BDDDC9B0002D53C /* ofBufferObject.h */,
				9957D88F1BDDDC9B0002D53C /* ofFbo.cpp */,
				9957D8901BDDDC9B0002D53C /* ofFbo.h */,
				9957D8911BDDDC9B0002D53C /* ofGLProgrammableRenderer.cpp */,
				9957D8921BDDDC9B0002D53C /* ofGLProgrammableRenderer.h */,
				9957D8931BDDDC9B0002D53C /* ofGLRenderer.cpp */,
				9957D8941BDDDC9B0002D53C /* ofGLRenderer.h */,
				9957D8951BDDDC9B0002D53C /* ofGLUtils.cpp */,
				9957D8961BDDDC9B0002D53C /* ofGLUtils.h */,
				9957D8971BDDDC9B0002D53C /* ofLight.cpp */,
				9957D8981BDDDC9B0002D53C /* ofLight.h */,
				9957D8991BDDDC9B0002D53C /* ofMaterial.cpp */,
				9957D89A1BDDDC9B0002D53C /* ofMaterial.h */,
				9957D89B1BDDDC9B0002D53C /* ofShader.cpp */,
				9957D89C1BDDDC9B0002D53C /* ofShader.h */,
				9957D89D1BDDDC9B0002D53C /* ofTexture.cpp */,
				9957D89E1BDDDC9B0002D53C /* ofTexture.h */,
				9957D89F1BDDDC9B0002D53C /* ofVbo.cpp */,
				9957D8A01BDDDC9B0002D53C /* ofVbo.h */,
				9957D8A11BDDDC9B0002D53C /* ofVboMesh.cpp */,
				9957D8A21BDDDC9B0002D53C /* ofVboMesh.h */,
			);
			path = gl;
			sourceTree = "<group>";
		};
		9957D8B81BDDDC9B0002D53C /* graphics */ = {
			isa = PBXGroup;
			children = (
				691108AE1FE53CA800BDBA78 /* ofGraphicsBaseTypes.cpp */,
				691108AF1FE53CA800BDBA78 /* ofGraphicsBaseTypes.h */,
				691108B01FE53CA800BDBA78 /* ofGraphicsConstants.h */,
				691108AD1FE53C9E00BDBA78 /* ofPolyline.inl */,
				9957D8A41BDDDC9B0002D53C /* of3dGraphics.cpp */,
				9957D8A51BDDDC9B0002D53C /* of3dGraphics.h */,
				9957D8A61BDDDC9B0002D53C /* ofBitmapFont.cpp */,
				9957D8A71BDDDC9B0002D53C /* ofBitmapFont.h */,
				9957D8A81BDDDC9B0002D53C /* ofGraphics.cpp */,
				9957D8A91BDDDC9B0002D53C /* ofGraphics.h */,
				9957D8AA1BDDDC9B0002D53C /* ofImage.cpp */,
				9957D8AB1BDDDC9B0002D53C /* ofImage.h */,
				9957D8AC1BDDDC9B0002D53C /* ofPath.cpp */,
				9957D8AD1BDDDC9B0002D53C /* ofPath.h */,
				9957D8AE1BDDDC9B0002D53C /* ofPixels.cpp */,
				9957D8AF1BDDDC9B0002D53C /* ofPixels.h */,
				9957D8B11BDDDC9B0002D53C /* ofPolyline.h */,
				9957D8B21BDDDC9B0002D53C /* ofRendererCollection.cpp */,
				9957D8B31BDDDC9B0002D53C /* ofRendererCollection.h */,
				9957D8B41BDDDC9B0002D53C /* ofTessellator.cpp */,
				9957D8B51BDDDC9B0002D53C /* ofTessellator.h */,
				9957D8B61BDDDC9B0002D53C /* ofTrueTypeFont.cpp */,
				9957D8B71BDDDC9B0002D53C /* ofTrueTypeFont.h */,
			);
			path = graphics;
			sourceTree = "<group>";
		};
		9957D8C71BDDDC9B0002D53C /* math */ = {
			isa = PBXGroup;
			children = (
				691108B21FE53CB400BDBA78 /* ofMathConstants.h */,
				9957D8B91BDDDC9B0002D53C /* ofMath.cpp */,
				9957D8BA1BDDDC9B0002D53C /* ofMath.h */,
				9957D8BB1BDDDC9B0002D53C /* ofMatrix3x3.cpp */,
				9957D8BC1BDDDC9B0002D53C /* ofMatrix3x3.h */,
				9957D8BD1BDDDC9B0002D53C /* ofMatrix4x4.cpp */,
				9957D8BE1BDDDC9B0002D53C /* ofMatrix4x4.h */,
				9957D8BF1BDDDC9B0002D53C /* ofQuaternion.cpp */,
				9957D8C01BDDDC9B0002D53C /* ofQuaternion.h */,
				9957D8C11BDDDC9B0002D53C /* ofVec2f.cpp */,
				9957D8C21BDDDC9B0002D53C /* ofVec2f.h */,
				9957D8C31BDDDC9B0002D53C /* ofVec3f.h */,
				9957D8C41BDDDC9B0002D53C /* ofVec4f.cpp */,
				9957D8C51BDDDC9B0002D53C /* ofVec4f.h */,
				9957D8C61BDDDC9B0002D53C /* ofVectorMath.h */,
			);
			path = math;
			sourceTree = "<group>";
		};
		9957D8D21BDDDC9B0002D53C /* sound */ = {
			isa = PBXGroup;
			children = (
				691108B31FE53CCF00BDBA78 /* ofSoundBaseTypes.cpp */,
				691108B41FE53CCF00BDBA78 /* ofSoundBaseTypes.h */,
				9957D8CB1BDDDC9B0002D53C /* ofSoundBuffer.cpp */,
				9957D8CC1BDDDC9B0002D53C /* ofSoundBuffer.h */,
				9957D8CD1BDDDC9B0002D53C /* ofSoundPlayer.cpp */,
				9957D8CE1BDDDC9B0002D53C /* ofSoundPlayer.h */,
				9957D8CF1BDDDC9B0002D53C /* ofSoundStream.cpp */,
				9957D8D01BDDDC9B0002D53C /* ofSoundStream.h */,
				9957D8D11BDDDC9B0002D53C /* ofSoundUtils.h */,
			);
			path = sound;
			sourceTree = "<group>";
		};
		9957D8DF1BDDDC9B0002D53C /* types */ = {
			isa = PBXGroup;
			children = (
				9957D8D31BDDDC9B0002D53C /* ofBaseTypes.cpp */,
				9957D8D51BDDDC9B0002D53C /* ofColor.cpp */,
				9957D8D61BDDDC9B0002D53C /* ofColor.h */,
				9957D8D71BDDDC9B0002D53C /* ofParameter.cpp */,
				9957D8D81BDDDC9B0002D53C /* ofParameter.h */,
				9957D8D91BDDDC9B0002D53C /* ofParameterGroup.cpp */,
				9957D8DA1BDDDC9B0002D53C /* ofParameterGroup.h */,
				9957D8DB1BDDDC9B0002D53C /* ofPoint.h */,
				9957D8DC1BDDDC9B0002D53C /* ofRectangle.cpp */,
				9957D8DD1BDDDC9B0002D53C /* ofRectangle.h */,
				9957D8DE1BDDDC9B0002D53C /* ofTypes.h */,
			);
			path = types;
			sourceTree = "<group>";
		};
		9957D8F71BDDDC9B0002D53C /* utils */ = {
			isa = PBXGroup;
			children = (
				9957D8E01BDDDC9B0002D53C /* ofConstants.h */,
				9957D8E11BDDDC9B0002D53C /* ofFileUtils.cpp */,
				9957D8E21BDDDC9B0002D53C /* ofFileUtils.h */,
				9957D8E31BDDDC9B0002D53C /* ofFpsCounter.cpp */,
				9957D8E41BDDDC9B0002D53C /* ofFpsCounter.h */,
				9957D8E51BDDDC9B0002D53C /* ofLog.cpp */,
				9957D8E61BDDDC9B0002D53C /* ofLog.h */,
				9957D8E71BDDDC9B0002D53C /* ofMatrixStack.cpp */,
				9957D8E81BDDDC9B0002D53C /* ofMatrixStack.h */,
				9957D8E91BDDDC9B0002D53C /* ofNoise.h */,
				9957D8EA1BDDDC9B0002D53C /* ofSystemUtils.cpp */,
				9957D8EB1BDDDC9B0002D53C /* ofSystemUtils.h */,
				9957D8EC1BDDDC9B0002D53C /* ofThread.cpp */,
				9957D8ED1BDDDC9B0002D53C /* ofThread.h */,
				9957D8EE1BDDDC9B0002D53C /* ofThreadChannel.h */,
				9957D8EF1BDDDC9B0002D53C /* ofTimer.cpp */,
				9957D8F01BDDDC9B0002D53C /* ofTimer.h */,
				9957D8F11BDDDC9B0002D53C /* ofURLFileLoader.cpp */,
				9957D8F21BDDDC9B0002D53C /* ofURLFileLoader.h */,
				9957D8F31BDDDC9B0002D53C /* ofUtils.cpp */,
				9957D8F41BDDDC9B0002D53C /* ofUtils.h */,
				9957D8F51BDDDC9B0002D53C /* ofXml.cpp */,
				9957D8F61BDDDC9B0002D53C /* ofXml.h */,
			);
			path = utils;
			sourceTree = "<group>";
		};
		9957D8FC1BDDDC9B0002D53C /* video */ = {
			isa = PBXGroup;
			children = (
				691108B61FE53CEB00BDBA78 /* ofVideoBaseTypes.h */,
				9957D8F81BDDDC9B0002D53C /* ofVideoGrabber.cpp */,
				9957D8F91BDDDC9B0002D53C /* ofVideoGrabber.h */,
				9957D8FA1BDDDC9B0002D53C /* ofVideoPlayer.cpp */,
				9957D8FB1BDDDC9B0002D53C /* ofVideoPlayer.h */,
			);
			path = video;
			sourceTree = "<group>";
		};
		9957D8FD1BDDDC9B0002D53C /* openFrameworks */ = {
			isa = PBXGroup;
			children = (
				9957D8711BDDDC9B0002D53C /* ofMain.h */,
				9957D87E1BDDDC9B0002D53C /* 3d */,
				9957D8861BDDDC9B0002D53C /* app */,
				9957D8871BDDDC9B0002D53C /* communication */,
				9957D88C1BDDDC9B0002D53C /* events */,
				9957D8A31BDDDC9B0002D53C /* gl */,
				9957D8B81BDDDC9B0002D53C /* graphics */,
				9957D8C71BDDDC9B0002D53C /* math */,
				9957D8D21BDDDC9B0002D53C /* sound */,
				9957D8DF1BDDDC9B0002D53C /* types */,
				9957D8F71BDDDC9B0002D53C /* utils */,
				9957D8FC1BDDDC9B0002D53C /* video */,
			);
			name = openFrameworks;
			path = ../../../openFrameworks;
			sourceTree = SOURCE_ROOT;
		};
/* End PBXGroup section */

/* Begin PBXNativeTarget section */
		8446395B1BC343E000F24926 /* tvOS+OFLib */ = {
			isa = PBXNativeTarget;
			buildConfigurationList = 844639651BC343E000F24926 /* Build configuration list for PBXNativeTarget "tvOS+OFLib" */;
			buildPhases = (
				844639581BC343E000F24926 /* Sources */,
				844639591BC343E000F24926 /* Frameworks */,
				8446395A1BC343E000F24926 /* CopyFiles */,
			);
			buildRules = (
			);
			dependencies = (
			);
			name = "tvOS+OFLib";
			productName = "tvOS+OFLib";
			productReference = 8446395C1BC343E000F24926 /* libtvOS+OFLib_Debug.a */;
			productType = "com.apple.product-type.library.static";
		};
/* End PBXNativeTarget section */

/* Begin PBXProject section */
		844639541BC343E000F24926 /* Project object */ = {
			isa = PBXProject;
			attributes = {
				LastUpgradeCheck = 0710;
				ORGANIZATIONNAME = cc.openframeworks.tvOS;
				TargetAttributes = {
					8446395B1BC343E000F24926 = {
						CreatedOnToolsVersion = 7.1;
					};
				};
			};
			buildConfigurationList = 844639571BC343E000F24926 /* Build configuration list for PBXProject "tvOS+OFLib" */;
			compatibilityVersion = "Xcode 3.2";
			developmentRegion = English;
			hasScannedForEncodings = 0;
			knownRegions = (
				English,
				en,
			);
			mainGroup = 844639531BC343E000F24926;
			productRefGroup = 8446395D1BC343E000F24926 /* Products */;
			projectDirPath = "";
			projectRoot = "";
			targets = (
				8446395B1BC343E000F24926 /* tvOS+OFLib */,
			);
		};
/* End PBXProject section */

/* Begin PBXSourcesBuildPhase section */
		844639581BC343E000F24926 /* Sources */ = {
			isa = PBXSourcesBuildPhase;
			buildActionMask = 2147483647;
			files = (
				9957D9081BDDDC9B0002D53C /* ofFbo.cpp in Sources */,
				9957D9171BDDDC9B0002D53C /* ofPixels.cpp in Sources */,
				844639C81BC3443E00F24926 /* ES1Renderer.m in Sources */,
				9957D92A1BDDDC9B0002D53C /* ofRectangle.cpp in Sources */,
				9957D9251BDDDC9B0002D53C /* ofSoundStream.cpp in Sources */,
				9957D9041BDDDC9B0002D53C /* ofAppRunner.cpp in Sources */,
				691108AB1FE53C7B00BDBA78 /* ofBaseApp.cpp in Sources */,
				9957D8FF1BDDDC9B0002D53C /* of3dUtils.cpp in Sources */,
				9957D9261BDDDC9B0002D53C /* ofBaseTypes.cpp in Sources */,
				9957D9211BDDDC9B0002D53C /* ofVec4f.cpp in Sources */,
				9957D90E1BDDDC9B0002D53C /* ofShader.cpp in Sources */,
				9957D9031BDDDC9B0002D53C /* ofNode.cpp in Sources */,
				9957D92B1BDDDC9B0002D53C /* ofFileUtils.cpp in Sources */,
				9957D9091BDDDC9B0002D53C /* ofGLProgrammableRenderer.cpp in Sources */,
				844639DE1BC3443E00F24926 /* ofxiOSMapKit.mm in Sources */,
				844639CA1BC3443E00F24926 /* AVSoundPlayer.m in Sources */,
				844639C61BC3443E00F24926 /* ofxiOSEAGLView.mm in Sources */,
				9957D9201BDDDC9B0002D53C /* ofVec2f.cpp in Sources */,
				844639C71BC3443E00F24926 /* EAGLView.m in Sources */,
				9957D9011BDDDC9B0002D53C /* ofEasyCam.cpp in Sources */,
				844639CD1BC3443E00F24926 /* ofxiOSSoundStreamDelegate.mm in Sources */,
				844639DA1BC3443E00F24926 /* ofxiOSExternalDisplay.mm in Sources */,
				9957D9111BDDDC9B0002D53C /* ofVboMesh.cpp in Sources */,
				9957D9231BDDDC9B0002D53C /* ofSoundBuffer.cpp in Sources */,
				90180899205355B5004A7774 /* EAGLKView.m in Sources */,
				9957D9341BDDDC9B0002D53C /* ofXml.cpp in Sources */,
				844639D21BC3443E00F24926 /* SoundStream.m in Sources */,
				9957D9101BDDDC9B0002D53C /* ofVbo.cpp in Sources */,
				844639D81BC3443E00F24926 /* ofxiOSAccelerometer.mm in Sources */,
				9957D9271BDDDC9B0002D53C /* ofColor.cpp in Sources */,
				844639D31BC3443E00F24926 /* AVFoundationVideoPlayer.m in Sources */,
				9957D9321BDDDC9B0002D53C /* ofURLFileLoader.cpp in Sources */,
				9957D9311BDDDC9B0002D53C /* ofTimer.cpp in Sources */,
				9957D90B1BDDDC9B0002D53C /* ofGLUtils.cpp in Sources */,
				9957D91A1BDDDC9B0002D53C /* ofTessellator.cpp in Sources */,
				844639D61BC3443E00F24926 /* ofxiOSVideoGrabber.mm in Sources */,
				9957D9351BDDDC9B0002D53C /* ofVideoGrabber.cpp in Sources */,
				9957D91F1BDDDC9B0002D53C /* ofQuaternion.cpp in Sources */,
				9957D90D1BDDDC9B0002D53C /* ofMaterial.cpp in Sources */,
				9957D5371BDDB9BA0002D53C /* ofxtvOSAppDelegate.mm in Sources */,
				844639C51BC3443E00F24926 /* ofxiOSViewController.mm in Sources */,
				844639D41BC3443E00F24926 /* AVFoundationVideoGrabber.mm in Sources */,
				9957D90C1BDDDC9B0002D53C /* ofLight.cpp in Sources */,
				9957D9051BDDDC9B0002D53C /* ofMainLoop.cpp in Sources */,
				9957D9331BDDDC9B0002D53C /* ofUtils.cpp in Sources */,
				844639DD1BC3443E00F24926 /* ofxiOSKeyboard.mm in Sources */,
				844639D01BC3443E00F24926 /* SoundInputStream.m in Sources */,
				9957D9301BDDDC9B0002D53C /* ofThread.cpp in Sources */,
				844639C91BC3443E00F24926 /* ES2Renderer.m in Sources */,
				9957D9001BDDDC9B0002D53C /* ofCamera.cpp in Sources */,
				9957D9191BDDDC9B0002D53C /* ofRendererCollection.cpp in Sources */,
				691108B51FE53CCF00BDBA78 /* ofSoundBaseTypes.cpp in Sources */,
				844639DB1BC3443E00F24926 /* ofxiOSCoreLocation.mm in Sources */,
				9957D9291BDDDC9B0002D53C /* ofParameterGroup.cpp in Sources */,
				9957D90A1BDDDC9B0002D53C /* ofGLRenderer.cpp in Sources */,
				9018089F20535AA8004A7774 /* ofxiOSGLKView.mm in Sources */,
				9957D9141BDDDC9B0002D53C /* ofGraphics.cpp in Sources */,
				9957D9361BDDDC9B0002D53C /* ofVideoPlayer.cpp in Sources */,
				9957D92D1BDDDC9B0002D53C /* ofLog.cpp in Sources */,
				844639CE1BC3443E00F24926 /* ofxOpenALSoundPlayer.cpp in Sources */,
				844639C41BC3443E00F24926 /* ofxiOSAppDelegate.mm in Sources */,
				9957D91D1BDDDC9B0002D53C /* ofMatrix3x3.cpp in Sources */,
				9957D91E1BDDDC9B0002D53C /* ofMatrix4x4.cpp in Sources */,
				9957D9131BDDDC9B0002D53C /* ofBitmapFont.cpp in Sources */,
				9018089E20535AA8004A7774 /* ofxiOSGLKViewController.mm in Sources */,
				9957D9241BDDDC9B0002D53C /* ofSoundPlayer.cpp in Sources */,
				9957D90F1BDDDC9B0002D53C /* ofTexture.cpp in Sources */,
				9957D92F1BDDDC9B0002D53C /* ofSystemUtils.cpp in Sources */,
				9957D9071BDDDC9B0002D53C /* ofBufferObject.cpp in Sources */,
				844639CC1BC3443E00F24926 /* ofxiOSSoundStream.mm in Sources */,
				844639D91BC3443E00F24926 /* ofxiOSExtras.mm in Sources */,
				691108B11FE53CA800BDBA78 /* ofGraphicsBaseTypes.cpp in Sources */,
				901808962053554C004A7774 /* ofxtvOSGLKViewController.mm in Sources */,
				9957D53A1BDDBB1E0002D53C /* ofxtvOSViewController.mm in Sources */,
				9957D91B1BDDDC9B0002D53C /* ofTrueTypeFont.cpp in Sources */,
				9957D9061BDDDC9B0002D53C /* ofEvents.cpp in Sources */,
				9957D92E1BDDDC9B0002D53C /* ofMatrixStack.cpp in Sources */,
				844639C31BC3443E00F24926 /* ofAppiOSWindow.mm in Sources */,
				844639DF1BC3443E00F24926 /* ofxiOSMapKitDelegate.mm in Sources */,
				844639D71BC3443E00F24926 /* ofxiOSAlerts.mm in Sources */,
				844639CB1BC3443E00F24926 /* ofxiOSSoundPlayer.mm in Sources */,
				9957D9121BDDDC9B0002D53C /* of3dGraphics.cpp in Sources */,
				9957D8FE1BDDDC9B0002D53C /* of3dPrimitives.cpp in Sources */,
				9957D9161BDDDC9B0002D53C /* ofPath.cpp in Sources */,
				844639C21BC3443E00F24926 /* ofxAccelerometer.cpp in Sources */,
				844639D11BC3443E00F24926 /* SoundOutputStream.m in Sources */,
				9957D92C1BDDDC9B0002D53C /* ofFpsCounter.cpp in Sources */,
				9957D9151BDDDC9B0002D53C /* ofImage.cpp in Sources */,
				844639D51BC3443E00F24926 /* ofxiOSVideoPlayer.mm in Sources */,
				9957D91C1BDDDC9B0002D53C /* ofMath.cpp in Sources */,
				844639DC1BC3443E00F24926 /* ofxiOSImagePicker.mm in Sources */,
				9957D9281BDDDC9B0002D53C /* ofParameter.cpp in Sources */,
				844639CF1BC3443E00F24926 /* SoundEngine.cpp in Sources */,
			);
			runOnlyForDeploymentPostprocessing = 0;
		};
/* End PBXSourcesBuildPhase section */

/* Begin XCBuildConfiguration section */
		844639631BC343E000F24926 /* Debug */ = {
			isa = XCBuildConfiguration;
			baseConfigurationReference = 844639691BC3442400F24926 /* Debug.xcconfig */;
			buildSettings = {
				ALWAYS_SEARCH_USER_PATHS = YES;
				CLANG_CXX_LIBRARY = "libc++";
				CLANG_ENABLE_MODULES = YES;
				CLANG_WARN_BOOL_CONVERSION = YES;
				CLANG_WARN_CONSTANT_CONVERSION = YES;
				CLANG_WARN_DIRECT_OBJC_ISA_USAGE = YES_ERROR;
				CLANG_WARN_EMPTY_BODY = YES;
				CLANG_WARN_ENUM_CONVERSION = YES;
				CLANG_WARN_INT_CONVERSION = YES;
				CLANG_WARN_OBJC_ROOT_CLASS = YES_ERROR;
				CLANG_WARN_UNREACHABLE_CODE = YES;
				CLANG_WARN__DUPLICATE_METHOD_MATCH = YES;
				CONFIGURATION_BUILD_DIR = "$(SRCROOT)/../../lib/tvOS";
				CONFIGURATION_TEMP_DIR = "$(SRCROOT)/../../lib/tvOS/build/debug/";
				COPY_PHASE_STRIP = NO;
				DEBUG_INFORMATION_FORMAT = dwarf;
				ENABLE_STRICT_OBJC_MSGSEND = YES;
				ENABLE_TESTABILITY = YES;
				GCC_C_LANGUAGE_STANDARD = "compiler-default";
				GCC_DYNAMIC_NO_PIC = NO;
				GCC_NO_COMMON_BLOCKS = YES;
				GCC_OPTIMIZATION_LEVEL = 0;
				GCC_PREPROCESSOR_DEFINITIONS = (
					"DEBUG=1",
					"$(inherited)",
				);
				GCC_WARN_64_TO_32_BIT_CONVERSION = YES;
				GCC_WARN_ABOUT_RETURN_TYPE = YES_ERROR;
				GCC_WARN_UNDECLARED_SELECTOR = YES;
				GCC_WARN_UNINITIALIZED_AUTOS = YES_AGGRESSIVE;
				GCC_WARN_UNUSED_FUNCTION = YES;
				GCC_WARN_UNUSED_VARIABLE = YES;
				MTL_ENABLE_DEBUG_INFO = YES;
				OBJROOT = "$(SRCROOT)/../../lib/tvOS/build/debug";
				ONLY_ACTIVE_ARCH = YES;
				SDKROOT = appletvos;
				STRIP_INSTALLED_PRODUCT = NO;
				SYMROOT = "$(SRCROOT)/../../lib/tvOS/";
				TVOS_DEPLOYMENT_TARGET = 13.0;
			};
			name = Debug;
		};
		844639641BC343E000F24926 /* Release */ = {
			isa = XCBuildConfiguration;
			baseConfigurationReference = 8446396A1BC3442400F24926 /* Release.xcconfig */;
			buildSettings = {
				ALWAYS_SEARCH_USER_PATHS = YES;
				CLANG_CXX_LIBRARY = "libc++";
				CLANG_ENABLE_MODULES = YES;
				CLANG_WARN_BOOL_CONVERSION = YES;
				CLANG_WARN_CONSTANT_CONVERSION = YES;
				CLANG_WARN_DIRECT_OBJC_ISA_USAGE = YES_ERROR;
				CLANG_WARN_EMPTY_BODY = YES;
				CLANG_WARN_ENUM_CONVERSION = YES;
				CLANG_WARN_INT_CONVERSION = YES;
				CLANG_WARN_OBJC_ROOT_CLASS = YES_ERROR;
				CLANG_WARN_UNREACHABLE_CODE = YES;
				CLANG_WARN__DUPLICATE_METHOD_MATCH = YES;
				CONFIGURATION_BUILD_DIR = "$(SRCROOT)/../../lib/tvOS";
				CONFIGURATION_TEMP_DIR = "$(SRCROOT)/../../lib/tvOS/build/release/";
				COPY_PHASE_STRIP = NO;
				DEBUG_INFORMATION_FORMAT = "dwarf-with-dsym";
				ENABLE_NS_ASSERTIONS = NO;
				ENABLE_STRICT_OBJC_MSGSEND = YES;
				GCC_C_LANGUAGE_STANDARD = "compiler-default";
				GCC_NO_COMMON_BLOCKS = YES;
				GCC_WARN_64_TO_32_BIT_CONVERSION = YES;
				GCC_WARN_ABOUT_RETURN_TYPE = YES_ERROR;
				GCC_WARN_UNDECLARED_SELECTOR = YES;
				GCC_WARN_UNINITIALIZED_AUTOS = YES_AGGRESSIVE;
				GCC_WARN_UNUSED_FUNCTION = YES;
				GCC_WARN_UNUSED_VARIABLE = YES;
				MTL_ENABLE_DEBUG_INFO = NO;
				OBJROOT = "$(SRCROOT)/../../lib/tvOS/build/release";
				SDKROOT = appletvos;
				STRIP_INSTALLED_PRODUCT = NO;
				SYMROOT = "$(SRCROOT)/../../lib/tvOS/";
				TVOS_DEPLOYMENT_TARGET = 13.0;
				VALIDATE_PRODUCT = YES;
			};
			name = Release;
		};
		844639661BC343E000F24926 /* Debug */ = {
			isa = XCBuildConfiguration;
			buildSettings = {
				FRAMEWORK_SEARCH_PATHS = (
					"$(inherited)",
					"$(PROJECT_DIR)",
				);
				ONLY_ACTIVE_ARCH = NO;
				OTHER_LDFLAGS = "-ObjC";
				PRODUCT_NAME = "$(TARGET_NAME)_Debug";
				SKIP_INSTALL = YES;
			};
			name = Debug;
		};
		844639671BC343E000F24926 /* Release */ = {
			isa = XCBuildConfiguration;
			buildSettings = {
				FRAMEWORK_SEARCH_PATHS = (
					"$(inherited)",
					"$(PROJECT_DIR)",
				);
				OTHER_LDFLAGS = "-ObjC";
				PRODUCT_NAME = "$(TARGET_NAME)_Release";
				SKIP_INSTALL = YES;
			};
			name = Release;
		};
/* End XCBuildConfiguration section */

/* Begin XCConfigurationList section */
		844639571BC343E000F24926 /* Build configuration list for PBXProject "tvOS+OFLib" */ = {
			isa = XCConfigurationList;
			buildConfigurations = (
				844639631BC343E000F24926 /* Debug */,
				844639641BC343E000F24926 /* Release */,
			);
			defaultConfigurationIsVisible = 0;
			defaultConfigurationName = Release;
		};
		844639651BC343E000F24926 /* Build configuration list for PBXNativeTarget "tvOS+OFLib" */ = {
			isa = XCConfigurationList;
			buildConfigurations = (
				844639661BC343E000F24926 /* Debug */,
				844639671BC343E000F24926 /* Release */,
			);
			defaultConfigurationIsVisible = 0;
			defaultConfigurationName = Release;
		};
/* End XCConfigurationList section */
	};
	rootObject = 844639541BC343E000F24926 /* Project object */;
}
